
Microsoft Visual Studio Solution File, Format Version 12.00
# Visual Studio Version 17
VisualStudioVersion = 17.5.2.0
MinimumVisualStudioVersion = 10.0.40219.1
Project("{FAE04EC0-301F-11D3-BF4B-00C04F79EFBC}") = "HelloWorldApp", "Basics\HelloWorldApp\HelloWorldApp.csproj", "{C93E589B-AE41-E574-3DA8-CEEF9916830C}"
EndProject
Project("{FAE04EC0-301F-11D3-BF4B-00C04F79EFBC}") = "HelloWorld", "Basics\HelloWorld\HelloWorld.csproj", "{C53D6FB7-C031-4AE6-B42A-4D8CAE6CCE83}"
EndProject
Project("{FAE04EC0-301F-11D3-BF4B-00C04F79EFBC}") = "TestProject", "TestProject\TestProject.csproj", "{E0C47082-7DB9-49FD-8239-AE12F45E4F81}"
EndProject
Project("{FAE04EC0-301F-11D3-BF4B-00C04F79EFBC}") = "RockPaperScissorsGame", "RockPaperScissorsGame\RockPaperScissorsGame.csproj", "{135C7DA4-5872-4AC0-90B3-498E9E865430}"
EndProject
Project("{FAE04EC0-301F-11D3-BF4B-00C04F79EFBC}") = "NumberGuessingGame", "NumberGuessingGame\NumberGuessingGame.csproj", "{A7DBCB0A-8E61-4C3D-B9AC-161F781E38DA}"
EndProject
Project("{FAE04EC0-301F-11D3-BF4B-00C04F79EFBC}") = "SubscriptionRenewalRate", "SubscriptionRenewalRate\SubscriptionRenewalRate.csproj", "{6635A99A-3245-45C6-9F32-9B870917AE0F}"
EndProject
Project("{FAE04EC0-301F-11D3-BF4B-00C04F79EFBC}") = "FraudulentOrderChallenge", "FraudulentOrderChallenge\FraudulentOrderChallenge.csproj", "{9109A3AE-7635-419D-8CC1-33AADB4DEBE7}"
EndProject
Project("{FAE04EC0-301F-11D3-BF4B-00C04F79EFBC}") = "StudentGradingApplication", "StudentGradingApplication\StudentGradingApplication.csproj", "{59EAC888-EAE9-4005-931C-0302210E0F1B}"
EndProject
Project("{2150E333-8FDC-42A3-9474-1A3956D46DE8}") = "ChallengeProject-foreach-if-array-CSharp", "ChallengeProject-foreach-if-array-CSharp", "{7A4C1A83-615B-DD71-3D5A-8B573DEDCD5A}"
EndProject
Project("{2150E333-8FDC-42A3-9474-1A3956D46DE8}") = "ChallengeProject", "ChallengeProject", "{6E8634D9-E12C-65E0-A412-2C155D53B549}"
EndProject
Project("{FAE04EC0-301F-11D3-BF4B-00C04F79EFBC}") = "Final", "ChallengeProject-foreach-if-array-CSharp\ChallengeProject\Final\Final.csproj", "{293DBDEE-C5E9-4F21-BE5E-42CB513FD114}"
EndProject
Project("{FAE04EC0-301F-11D3-BF4B-00C04F79EFBC}") = "Starter", "ChallengeProject-foreach-if-array-CSharp\ChallengeProject\Starter\Starter.csproj", "{2638926A-2110-4528-93F8-EBC96C9A18B4}"
EndProject
Project("{FAE04EC0-301F-11D3-BF4B-00C04F79EFBC}") = "WordGuessingGame", "WordGuessingGame\WordGuessingGame.csproj", "{1CB229F5-3A2A-4416-804E-66DCD3F7C9C4}"
EndProject
Project("{FAE04EC0-301F-11D3-BF4B-00C04F79EFBC}") = "VariableScopeChallenge", "VariableScopeChallenge\VariableScopeChallenge.csproj", "{5EE18F09-BCDA-4696-B3ED-41984521F495}"
EndProject
Project("{FAE04EC0-301F-11D3-BF4B-00C04F79EFBC}") = "ConditionalOperatorChallenge", "ConditionalOperatorChallenge\ConditionalOperatorChallenge.csproj", "{0E536FCA-7685-4B6F-B82E-97538465D4C9}"
EndProject
Project("{FAE04EC0-301F-11D3-BF4B-00C04F79EFBC}") = "DecisionLogicChallenge", "DecisionLogicChallenge\DecisionLogicChallenge.csproj", "{9DEF114F-342D-4F63-B226-347115D33542}"
EndProject
Project("{FAE04EC0-301F-11D3-BF4B-00C04F79EFBC}") = "ConvertToSwitchStatementsChallenge", "ConvertToSwitchStatementsChallenge\ConvertToSwitchStatementsChallenge.csproj", "{A96171AE-D46F-4F9A-86C8-BD8190579968}"
EndProject
Project("{FAE04EC0-301F-11D3-BF4B-00C04F79EFBC}") = "FizzBuzzChallengeRules", "FizzBuzzChallengeRules\FizzBuzzChallengeRules.csproj", "{FF5108AA-18F5-4E09-95B2-F057D505A3F3}"
EndProject
Project("{FAE04EC0-301F-11D3-BF4B-00C04F79EFBC}") = "RolePlayingGameBattleChallenge", "RolePlayingGameBattleChallenge\RolePlayingGameBattleChallenge.csproj", "{0F94D0C2-8C5F-4026-B29B-A04402E5294B}"
EndProject
Project("{FAE04EC0-301F-11D3-BF4B-00C04F79EFBC}") = "DoAndWhileIterationChallenge", "DoAndWhileIterationChallenge\DoAndWhileIterationChallenge.csproj", "{AC426B92-4E1F-4D44-BB32-B57BB3A54DDD}"
EndProject
Project("{FAE04EC0-301F-11D3-BF4B-00C04F79EFBC}") = "DevelopConditionalBranchingAndLoopingStructures-Project", "DevelopConditionalBranchingAndLoopingStructures-Project\DevelopConditionalBranchingAndLoopingStructures-Project.csproj", "{FF2AF048-332E-4E26-9261-20E38105D681}"
EndProject
Project("{2150E333-8FDC-42A3-9474-1A3956D46DE8}") = "Guided-Project-Branching-Looping", "Guided-Project-Branching-Looping", "{DE41EEFF-A2EB-AD40-AECF-FE8B023A6E60}"
EndProject
Project("{2150E333-8FDC-42A3-9474-1A3956D46DE8}") = "GuidedProject", "GuidedProject", "{B27AD4DD-1028-C342-8E84-351A5589D726}"
EndProject
Project("{FAE04EC0-301F-11D3-BF4B-00C04F79EFBC}") = "Final", "Guided-Project-Branching-Looping\GuidedProject\Final\Final.csproj", "{6E262FA5-C746-4B20-AAFD-546354F55836}"
EndProject
Project("{FAE04EC0-301F-11D3-BF4B-00C04F79EFBC}") = "Starter", "Guided-Project-Branching-Looping\GuidedProject\Starter\Starter.csproj", "{031FF744-0D22-4B06-B5B5-2205BD4B462C}"
EndProject
Project("{FAE04EC0-301F-11D3-BF4B-00C04F79EFBC}") = "ChallengeToCombineStringArrayValuesAsStringsAndAsIntegers", "ChallengeToCombineStringArrayValuesAsStringsAndAsIntegers\ChallengeToCombineStringArrayValuesAsStringsAndAsIntegers.csproj", "{C53E5253-8B7C-4EE4-9A84-3B20F5C9C10B}"
EndProject
Project("{FAE04EC0-301F-11D3-BF4B-00C04F79EFBC}") = "ChallengeToOutputMathOperationsAsSpecificNumberTypes", "ChallengeToOutputMathOperationsAsSpecificNumberTypes\ChallengeToOutputMathOperationsAsSpecificNumberTypes.csproj", "{4733DA46-3F5A-4468-9E2F-E1F21A18E8FB}"
EndProject
Project("{FAE04EC0-301F-11D3-BF4B-00C04F79EFBC}") = "ArraysChallenge", "ArraysChallenge\ArraysChallenge.csproj", "{14FA8D43-E333-4BF7-81E5-F725F1737A2A}"
EndProject
Project("{FAE04EC0-301F-11D3-BF4B-00C04F79EFBC}") = "StringInterpolationToAFormLetter", "StringInterpolationToAFormLetter\StringInterpolationToAFormLetter.csproj", "{4A2B1D86-B174-4590-A34B-623903381C54}"
EndProject
Project("{FAE04EC0-301F-11D3-BF4B-00C04F79EFBC}") = "ChallengeExtractReplaceAndRemoveDataFromAnInputString", "ChallengeExtractReplaceAndRemoveDataFromAnInputString\ChallengeExtractReplaceAndRemoveDataFromAnInputString.csproj", "{89D0974F-184C-463E-AE06-6B2DBD98848E}"
EndProject
Project("{FAE04EC0-301F-11D3-BF4B-00C04F79EFBC}") = "WorkWithVariableData", "WorkWithVariableData\WorkWithVariableData.csproj", "{33C2C149-0636-480E-85A9-419F9F73652B}"
EndProject
Project("{FAE04EC0-301F-11D3-BF4B-00C04F79EFBC}") = "ChallengeToDisplayEmailAddresses", "ChallengeToDisplayEmailAddresses\ChallengeToDisplayEmailAddresses.csproj", "{8D81B74A-9E7D-42FC-9E09-19C928258905}"
EndProject
Project("{FAE04EC0-301F-11D3-BF4B-00C04F79EFBC}") = "ChallengeToCreateAReusableMethod", "ChallengeToCreateAReusableMethod\ChallengeToCreateAReusableMethod.csproj", "{6885A53B-9E49-41F3-A986-0CD3D222BB37}"
EndProject
Project("{FAE04EC0-301F-11D3-BF4B-00C04F79EFBC}") = "DiceMini-GameChallenge", "DiceMini-GameChallenge\DiceMini-GameChallenge.csproj", "{63F37087-EA42-4DE8-8C3A-C6F9E1473EAE}"
EndProject
Project("{FAE04EC0-301F-11D3-BF4B-00C04F79EFBC}") = "GuidedProject-PlanaPettingZooVisit", "GuidedProject-PlanaPettingZooVisit\GuidedProject-PlanaPettingZooVisit.csproj", "{281BE8D1-8B21-4C98-A51A-FA68300806CD}"
EndProject
Project("{FAE04EC0-301F-11D3-BF4B-00C04F79EFBC}") = "ChallengeProject-CreateAMini-Game", "ChallengeProject-CreateAMini-Game\ChallengeProject-CreateAMini-Game.csproj", "{72286CE9-B4F1-4F07-A2DC-2069A4ECB73D}"
EndProject
Project("{FAE04EC0-301F-11D3-BF4B-00C04F79EFBC}") = "ChallengeActivityUsingTheDebugger", "ChallengeActivityUsingTheDebugger\ChallengeActivityUsingTheDebugger.csproj", "{11C49D1D-3244-4078-B302-3B0BC9FD1296}"
EndProject
Project("{FAE04EC0-301F-11D3-BF4B-00C04F79EFBC}") = "CompleteAChallengeActivity-for-try-catch", "CompleteAChallengeActivity-for-try-catch\CompleteAChallengeActivity-for-try-catch.csproj", "{44BE835F-61A2-4947-9A24-73BD14E06A58}"
EndProject
Project("{FAE04EC0-301F-11D3-BF4B-00C04F79EFBC}") = "ChallengeActivity-to-catch-specific-exceptions", "ChallengeActivity-to-catch-specific-exceptions\ChallengeActivity-to-catch-specific-exceptions.csproj", "{A443C30E-EA9C-4D40-9F28-568E1D75185F}"
EndProject
Project("{FAE04EC0-301F-11D3-BF4B-00C04F79EFBC}") = "ChallengeActivityForCreatingAndThrowingExceptions", "ChallengeActivityForCreatingAndThrowingExceptions\ChallengeActivityForCreatingAndThrowingExceptions.csproj", "{85249E2F-97FA-4192-99CB-DBC43BE2F213}"
EndProject
Project("{FAE04EC0-301F-11D3-BF4B-00C04F79EFBC}") = "Guided-project-Debug-and-handle-exceptions", "Guided-project-Debug-and-handle-exceptions\Guided-project-Debug-and-handle-exceptions.csproj", "{37AB0BD2-EC52-43C8-A74B-7868C2405D7D}"
EndProject
Project("{FAE04EC0-301F-11D3-BF4B-00C04F79EFBC}") = "Console-Based-Calculator", "Console-Based-Calculator\Console-Based-Calculator.csproj", "{F875F881-0C00-4348-BB20-69421EAF5F40}"
EndProject
Project("{FAE04EC0-301F-11D3-BF4B-00C04F79EFBC}") = "Console-App-Simple-To-Do-List", "Console-App-Simple-To-Do-List\Console-App-Simple-To-Do-List.csproj", "{32026D77-206C-42F0-B033-57A1A23CB462}"
EndProject
Project("{FAE04EC0-301F-11D3-BF4B-00C04F79EFBC}") = "Console-App-Contact-Book", "Console-App-Contact-Book\Console-App-Contact-Book.csproj", "{697659B9-9A96-4A7E-A57C-C53862364D7F}"
EndProject
Project("{FAE04EC0-301F-11D3-BF4B-00C04F79EFBC}") = "Console-App-Bank-Account-Simulator", "Console-App-Bank-Account-Simulator\Console-App-Bank-Account-Simulator.csproj", "{003EEA57-F46D-4B59-815E-3908009C8A06}"
EndProject
Project("{FAE04EC0-301F-11D3-BF4B-00C04F79EFBC}") = "Console-App-Student-Grade-Manager", "Console-App-Student-Grade-Manager\Console-App-Student-Grade-Manager.csproj", "{07B2B19B-0F39-40FD-83FC-3E7070717B6D}"
EndProject
Project("{FAE04EC0-301F-11D3-BF4B-00C04F79EFBC}") = "Console-App-Library-Book-Manager", "Console-App-Library-Book-Manager\Console-App-Library-Book-Manager.csproj", "{48645B00-37A3-45C7-91D5-C4A281B1703C}"
EndProject
Project("{FAE04EC0-301F-11D3-BF4B-00C04F79EFBC}") = "Console-App-Employee-Payroll-System", "Console-App-Employee-Payroll-System\Console-App-Employee-Payroll-System.csproj", "{89B99E1F-D8BD-4C92-AB33-86742A4C53AD}"
EndProject
Project("{FAE04EC0-301F-11D3-BF4B-00C04F79EFBC}") = "Console-App-Inventory-Management-System", "Console-App-Inventory-Management-System\Console-App-Inventory-Management-System.csproj", "{FFB1D318-FE92-45A2-83A5-80072E00F9D5}"
EndProject
Project("{FAE04EC0-301F-11D3-BF4B-00C04F79EFBC}") = "Console-App-Simple-Quiz-Game", "Console-App-Simple-Quiz-Game\Console-App-Simple-Quiz-Game.csproj", "{087046C9-74A3-4560-9EB7-16D3BD8C5B64}"
EndProject
Project("{FAE04EC0-301F-11D3-BF4B-00C04F79EFBC}") = "Console-App-ATM-Simulation", "Console-App-ATM-Simulation\Console-App-ATM-Simulation.csproj", "{FDE88C52-9744-43B3-B5FE-81892E834E7E}"
EndProject
Project("{FAE04EC0-301F-11D3-BF4B-00C04F79EFBC}") = "Console-App-Shopping-Cart", "Console-App-Shopping-Cart\Console-App-Shopping-Cart.csproj", "{F912FD78-4322-4958-9497-4DCEC41E0A7D}"
EndProject
Project("{FAE04EC0-301F-11D3-BF4B-00C04F79EFBC}") = "EncryptionDecryptionTool", "EncryptionDecryptionTool\EncryptionDecryptionTool.csproj", "{52279BC4-F6DD-4156-AA03-4F1DBC4B98C5}"
EndProject
Project("{FAE04EC0-301F-11D3-BF4B-00C04F79EFBC}") = "Console-App-File-Encryption-Decryption-Tool", "Console-App-File-Encryption-Decryption-Tool\Console-App-File-Encryption-Decryption-Tool.csproj", "{1A5EBD08-1CDE-496C-A176-D722736690BE}"
EndProject
Project("{FAE04EC0-301F-11D3-BF4B-00C04F79EFBC}") = "Console-App-Center-Terminal-Text", "Console-App-Center-Terminal-Text\Console-App-Center-Terminal-Text.csproj", "{45480DA3-61EE-49D0-8259-C3BDFA457FCF}"
EndProject
Project("{FAE04EC0-301F-11D3-BF4B-00C04F79EFBC}") = "Pyramid-Drawing-App", "Pyramid-Drawing-App\Pyramid-Drawing-App.csproj", "{0798BF7C-2DBE-465A-B433-67E425278D2C}"
EndProject
Project("{FAE04EC0-301F-11D3-BF4B-00C04F79EFBC}") = "AnimeList", "AnimeList\AnimeList.csproj", "{CA8F43C5-101A-4D33-935C-819748A40E11}"
EndProject
Global
	GlobalSection(SolutionConfigurationPlatforms) = preSolution
		Debug|Any CPU = Debug|Any CPU
		Debug|x64 = Debug|x64
		Debug|x86 = Debug|x86
		Release|Any CPU = Release|Any CPU
		Release|x64 = Release|x64
		Release|x86 = Release|x86
	EndGlobalSection
	GlobalSection(ProjectConfigurationPlatforms) = postSolution
		{C93E589B-AE41-E574-3DA8-CEEF9916830C}.Debug|Any CPU.ActiveCfg = Debug|Any CPU
		{C93E589B-AE41-E574-3DA8-CEEF9916830C}.Debug|Any CPU.Build.0 = Debug|Any CPU
		{C93E589B-AE41-E574-3DA8-CEEF9916830C}.Debug|x64.ActiveCfg = Debug|Any CPU
		{C93E589B-AE41-E574-3DA8-CEEF9916830C}.Debug|x64.Build.0 = Debug|Any CPU
		{C93E589B-AE41-E574-3DA8-CEEF9916830C}.Debug|x86.ActiveCfg = Debug|Any CPU
		{C93E589B-AE41-E574-3DA8-CEEF9916830C}.Debug|x86.Build.0 = Debug|Any CPU
		{C93E589B-AE41-E574-3DA8-CEEF9916830C}.Release|Any CPU.ActiveCfg = Release|Any CPU
		{C93E589B-AE41-E574-3DA8-CEEF9916830C}.Release|Any CPU.Build.0 = Release|Any CPU
		{C93E589B-AE41-E574-3DA8-CEEF9916830C}.Release|x64.ActiveCfg = Release|Any CPU
		{C93E589B-AE41-E574-3DA8-CEEF9916830C}.Release|x64.Build.0 = Release|Any CPU
		{C93E589B-AE41-E574-3DA8-CEEF9916830C}.Release|x86.ActiveCfg = Release|Any CPU
		{C93E589B-AE41-E574-3DA8-CEEF9916830C}.Release|x86.Build.0 = Release|Any CPU
		{C53D6FB7-C031-4AE6-B42A-4D8CAE6CCE83}.Debug|Any CPU.ActiveCfg = Debug|Any CPU
		{C53D6FB7-C031-4AE6-B42A-4D8CAE6CCE83}.Debug|Any CPU.Build.0 = Debug|Any CPU
		{C53D6FB7-C031-4AE6-B42A-4D8CAE6CCE83}.Debug|x64.ActiveCfg = Debug|Any CPU
		{C53D6FB7-C031-4AE6-B42A-4D8CAE6CCE83}.Debug|x64.Build.0 = Debug|Any CPU
		{C53D6FB7-C031-4AE6-B42A-4D8CAE6CCE83}.Debug|x86.ActiveCfg = Debug|Any CPU
		{C53D6FB7-C031-4AE6-B42A-4D8CAE6CCE83}.Debug|x86.Build.0 = Debug|Any CPU
		{C53D6FB7-C031-4AE6-B42A-4D8CAE6CCE83}.Release|Any CPU.ActiveCfg = Release|Any CPU
		{C53D6FB7-C031-4AE6-B42A-4D8CAE6CCE83}.Release|Any CPU.Build.0 = Release|Any CPU
		{C53D6FB7-C031-4AE6-B42A-4D8CAE6CCE83}.Release|x64.ActiveCfg = Release|Any CPU
		{C53D6FB7-C031-4AE6-B42A-4D8CAE6CCE83}.Release|x64.Build.0 = Release|Any CPU
		{C53D6FB7-C031-4AE6-B42A-4D8CAE6CCE83}.Release|x86.ActiveCfg = Release|Any CPU
		{C53D6FB7-C031-4AE6-B42A-4D8CAE6CCE83}.Release|x86.Build.0 = Release|Any CPU
		{E0C47082-7DB9-49FD-8239-AE12F45E4F81}.Debug|Any CPU.ActiveCfg = Debug|Any CPU
		{E0C47082-7DB9-49FD-8239-AE12F45E4F81}.Debug|Any CPU.Build.0 = Debug|Any CPU
		{E0C47082-7DB9-49FD-8239-AE12F45E4F81}.Debug|x64.ActiveCfg = Debug|Any CPU
		{E0C47082-7DB9-49FD-8239-AE12F45E4F81}.Debug|x64.Build.0 = Debug|Any CPU
		{E0C47082-7DB9-49FD-8239-AE12F45E4F81}.Debug|x86.ActiveCfg = Debug|Any CPU
		{E0C47082-7DB9-49FD-8239-AE12F45E4F81}.Debug|x86.Build.0 = Debug|Any CPU
		{E0C47082-7DB9-49FD-8239-AE12F45E4F81}.Release|Any CPU.ActiveCfg = Release|Any CPU
		{E0C47082-7DB9-49FD-8239-AE12F45E4F81}.Release|Any CPU.Build.0 = Release|Any CPU
		{E0C47082-7DB9-49FD-8239-AE12F45E4F81}.Release|x64.ActiveCfg = Release|Any CPU
		{E0C47082-7DB9-49FD-8239-AE12F45E4F81}.Release|x64.Build.0 = Release|Any CPU
		{E0C47082-7DB9-49FD-8239-AE12F45E4F81}.Release|x86.ActiveCfg = Release|Any CPU
		{E0C47082-7DB9-49FD-8239-AE12F45E4F81}.Release|x86.Build.0 = Release|Any CPU
		{135C7DA4-5872-4AC0-90B3-498E9E865430}.Debug|Any CPU.ActiveCfg = Debug|Any CPU
		{135C7DA4-5872-4AC0-90B3-498E9E865430}.Debug|Any CPU.Build.0 = Debug|Any CPU
		{135C7DA4-5872-4AC0-90B3-498E9E865430}.Debug|x64.ActiveCfg = Debug|Any CPU
		{135C7DA4-5872-4AC0-90B3-498E9E865430}.Debug|x64.Build.0 = Debug|Any CPU
		{135C7DA4-5872-4AC0-90B3-498E9E865430}.Debug|x86.ActiveCfg = Debug|Any CPU
		{135C7DA4-5872-4AC0-90B3-498E9E865430}.Debug|x86.Build.0 = Debug|Any CPU
		{135C7DA4-5872-4AC0-90B3-498E9E865430}.Release|Any CPU.ActiveCfg = Release|Any CPU
		{135C7DA4-5872-4AC0-90B3-498E9E865430}.Release|Any CPU.Build.0 = Release|Any CPU
		{135C7DA4-5872-4AC0-90B3-498E9E865430}.Release|x64.ActiveCfg = Release|Any CPU
		{135C7DA4-5872-4AC0-90B3-498E9E865430}.Release|x64.Build.0 = Release|Any CPU
		{135C7DA4-5872-4AC0-90B3-498E9E865430}.Release|x86.ActiveCfg = Release|Any CPU
		{135C7DA4-5872-4AC0-90B3-498E9E865430}.Release|x86.Build.0 = Release|Any CPU
		{A7DBCB0A-8E61-4C3D-B9AC-161F781E38DA}.Debug|Any CPU.ActiveCfg = Debug|Any CPU
		{A7DBCB0A-8E61-4C3D-B9AC-161F781E38DA}.Debug|Any CPU.Build.0 = Debug|Any CPU
		{A7DBCB0A-8E61-4C3D-B9AC-161F781E38DA}.Debug|x64.ActiveCfg = Debug|Any CPU
		{A7DBCB0A-8E61-4C3D-B9AC-161F781E38DA}.Debug|x64.Build.0 = Debug|Any CPU
		{A7DBCB0A-8E61-4C3D-B9AC-161F781E38DA}.Debug|x86.ActiveCfg = Debug|Any CPU
		{A7DBCB0A-8E61-4C3D-B9AC-161F781E38DA}.Debug|x86.Build.0 = Debug|Any CPU
		{A7DBCB0A-8E61-4C3D-B9AC-161F781E38DA}.Release|Any CPU.ActiveCfg = Release|Any CPU
		{A7DBCB0A-8E61-4C3D-B9AC-161F781E38DA}.Release|Any CPU.Build.0 = Release|Any CPU
		{A7DBCB0A-8E61-4C3D-B9AC-161F781E38DA}.Release|x64.ActiveCfg = Release|Any CPU
		{A7DBCB0A-8E61-4C3D-B9AC-161F781E38DA}.Release|x64.Build.0 = Release|Any CPU
		{A7DBCB0A-8E61-4C3D-B9AC-161F781E38DA}.Release|x86.ActiveCfg = Release|Any CPU
		{A7DBCB0A-8E61-4C3D-B9AC-161F781E38DA}.Release|x86.Build.0 = Release|Any CPU
		{6635A99A-3245-45C6-9F32-9B870917AE0F}.Debug|Any CPU.ActiveCfg = Debug|Any CPU
		{6635A99A-3245-45C6-9F32-9B870917AE0F}.Debug|Any CPU.Build.0 = Debug|Any CPU
		{6635A99A-3245-45C6-9F32-9B870917AE0F}.Debug|x64.ActiveCfg = Debug|Any CPU
		{6635A99A-3245-45C6-9F32-9B870917AE0F}.Debug|x64.Build.0 = Debug|Any CPU
		{6635A99A-3245-45C6-9F32-9B870917AE0F}.Debug|x86.ActiveCfg = Debug|Any CPU
		{6635A99A-3245-45C6-9F32-9B870917AE0F}.Debug|x86.Build.0 = Debug|Any CPU
		{6635A99A-3245-45C6-9F32-9B870917AE0F}.Release|Any CPU.ActiveCfg = Release|Any CPU
		{6635A99A-3245-45C6-9F32-9B870917AE0F}.Release|Any CPU.Build.0 = Release|Any CPU
		{6635A99A-3245-45C6-9F32-9B870917AE0F}.Release|x64.ActiveCfg = Release|Any CPU
		{6635A99A-3245-45C6-9F32-9B870917AE0F}.Release|x64.Build.0 = Release|Any CPU
		{6635A99A-3245-45C6-9F32-9B870917AE0F}.Release|x86.ActiveCfg = Release|Any CPU
		{6635A99A-3245-45C6-9F32-9B870917AE0F}.Release|x86.Build.0 = Release|Any CPU
		{9109A3AE-7635-419D-8CC1-33AADB4DEBE7}.Debug|Any CPU.ActiveCfg = Debug|Any CPU
		{9109A3AE-7635-419D-8CC1-33AADB4DEBE7}.Debug|Any CPU.Build.0 = Debug|Any CPU
		{9109A3AE-7635-419D-8CC1-33AADB4DEBE7}.Debug|x64.ActiveCfg = Debug|Any CPU
		{9109A3AE-7635-419D-8CC1-33AADB4DEBE7}.Debug|x64.Build.0 = Debug|Any CPU
		{9109A3AE-7635-419D-8CC1-33AADB4DEBE7}.Debug|x86.ActiveCfg = Debug|Any CPU
		{9109A3AE-7635-419D-8CC1-33AADB4DEBE7}.Debug|x86.Build.0 = Debug|Any CPU
		{9109A3AE-7635-419D-8CC1-33AADB4DEBE7}.Release|Any CPU.ActiveCfg = Release|Any CPU
		{9109A3AE-7635-419D-8CC1-33AADB4DEBE7}.Release|Any CPU.Build.0 = Release|Any CPU
		{9109A3AE-7635-419D-8CC1-33AADB4DEBE7}.Release|x64.ActiveCfg = Release|Any CPU
		{9109A3AE-7635-419D-8CC1-33AADB4DEBE7}.Release|x64.Build.0 = Release|Any CPU
		{9109A3AE-7635-419D-8CC1-33AADB4DEBE7}.Release|x86.ActiveCfg = Release|Any CPU
		{9109A3AE-7635-419D-8CC1-33AADB4DEBE7}.Release|x86.Build.0 = Release|Any CPU
		{59EAC888-EAE9-4005-931C-0302210E0F1B}.Debug|Any CPU.ActiveCfg = Debug|Any CPU
		{59EAC888-EAE9-4005-931C-0302210E0F1B}.Debug|Any CPU.Build.0 = Debug|Any CPU
		{59EAC888-EAE9-4005-931C-0302210E0F1B}.Debug|x64.ActiveCfg = Debug|Any CPU
		{59EAC888-EAE9-4005-931C-0302210E0F1B}.Debug|x64.Build.0 = Debug|Any CPU
		{59EAC888-EAE9-4005-931C-0302210E0F1B}.Debug|x86.ActiveCfg = Debug|Any CPU
		{59EAC888-EAE9-4005-931C-0302210E0F1B}.Debug|x86.Build.0 = Debug|Any CPU
		{59EAC888-EAE9-4005-931C-0302210E0F1B}.Release|Any CPU.ActiveCfg = Release|Any CPU
		{59EAC888-EAE9-4005-931C-0302210E0F1B}.Release|Any CPU.Build.0 = Release|Any CPU
		{59EAC888-EAE9-4005-931C-0302210E0F1B}.Release|x64.ActiveCfg = Release|Any CPU
		{59EAC888-EAE9-4005-931C-0302210E0F1B}.Release|x64.Build.0 = Release|Any CPU
		{59EAC888-EAE9-4005-931C-0302210E0F1B}.Release|x86.ActiveCfg = Release|Any CPU
		{59EAC888-EAE9-4005-931C-0302210E0F1B}.Release|x86.Build.0 = Release|Any CPU
		{293DBDEE-C5E9-4F21-BE5E-42CB513FD114}.Debug|Any CPU.ActiveCfg = Debug|Any CPU
		{293DBDEE-C5E9-4F21-BE5E-42CB513FD114}.Debug|Any CPU.Build.0 = Debug|Any CPU
		{293DBDEE-C5E9-4F21-BE5E-42CB513FD114}.Debug|x64.ActiveCfg = Debug|Any CPU
		{293DBDEE-C5E9-4F21-BE5E-42CB513FD114}.Debug|x64.Build.0 = Debug|Any CPU
		{293DBDEE-C5E9-4F21-BE5E-42CB513FD114}.Debug|x86.ActiveCfg = Debug|Any CPU
		{293DBDEE-C5E9-4F21-BE5E-42CB513FD114}.Debug|x86.Build.0 = Debug|Any CPU
		{293DBDEE-C5E9-4F21-BE5E-42CB513FD114}.Release|Any CPU.ActiveCfg = Release|Any CPU
		{293DBDEE-C5E9-4F21-BE5E-42CB513FD114}.Release|Any CPU.Build.0 = Release|Any CPU
		{293DBDEE-C5E9-4F21-BE5E-42CB513FD114}.Release|x64.ActiveCfg = Release|Any CPU
		{293DBDEE-C5E9-4F21-BE5E-42CB513FD114}.Release|x64.Build.0 = Release|Any CPU
		{293DBDEE-C5E9-4F21-BE5E-42CB513FD114}.Release|x86.ActiveCfg = Release|Any CPU
		{293DBDEE-C5E9-4F21-BE5E-42CB513FD114}.Release|x86.Build.0 = Release|Any CPU
		{2638926A-2110-4528-93F8-EBC96C9A18B4}.Debug|Any CPU.ActiveCfg = Debug|Any CPU
		{2638926A-2110-4528-93F8-EBC96C9A18B4}.Debug|Any CPU.Build.0 = Debug|Any CPU
		{2638926A-2110-4528-93F8-EBC96C9A18B4}.Debug|x64.ActiveCfg = Debug|Any CPU
		{2638926A-2110-4528-93F8-EBC96C9A18B4}.Debug|x64.Build.0 = Debug|Any CPU
		{2638926A-2110-4528-93F8-EBC96C9A18B4}.Debug|x86.ActiveCfg = Debug|Any CPU
		{2638926A-2110-4528-93F8-EBC96C9A18B4}.Debug|x86.Build.0 = Debug|Any CPU
		{2638926A-2110-4528-93F8-EBC96C9A18B4}.Release|Any CPU.ActiveCfg = Release|Any CPU
		{2638926A-2110-4528-93F8-EBC96C9A18B4}.Release|Any CPU.Build.0 = Release|Any CPU
		{2638926A-2110-4528-93F8-EBC96C9A18B4}.Release|x64.ActiveCfg = Release|Any CPU
		{2638926A-2110-4528-93F8-EBC96C9A18B4}.Release|x64.Build.0 = Release|Any CPU
		{2638926A-2110-4528-93F8-EBC96C9A18B4}.Release|x86.ActiveCfg = Release|Any CPU
		{2638926A-2110-4528-93F8-EBC96C9A18B4}.Release|x86.Build.0 = Release|Any CPU
		{1CB229F5-3A2A-4416-804E-66DCD3F7C9C4}.Debug|Any CPU.ActiveCfg = Debug|Any CPU
		{1CB229F5-3A2A-4416-804E-66DCD3F7C9C4}.Debug|Any CPU.Build.0 = Debug|Any CPU
		{1CB229F5-3A2A-4416-804E-66DCD3F7C9C4}.Debug|x64.ActiveCfg = Debug|Any CPU
		{1CB229F5-3A2A-4416-804E-66DCD3F7C9C4}.Debug|x64.Build.0 = Debug|Any CPU
		{1CB229F5-3A2A-4416-804E-66DCD3F7C9C4}.Debug|x86.ActiveCfg = Debug|Any CPU
		{1CB229F5-3A2A-4416-804E-66DCD3F7C9C4}.Debug|x86.Build.0 = Debug|Any CPU
		{1CB229F5-3A2A-4416-804E-66DCD3F7C9C4}.Release|Any CPU.ActiveCfg = Release|Any CPU
		{1CB229F5-3A2A-4416-804E-66DCD3F7C9C4}.Release|Any CPU.Build.0 = Release|Any CPU
		{1CB229F5-3A2A-4416-804E-66DCD3F7C9C4}.Release|x64.ActiveCfg = Release|Any CPU
		{1CB229F5-3A2A-4416-804E-66DCD3F7C9C4}.Release|x64.Build.0 = Release|Any CPU
		{1CB229F5-3A2A-4416-804E-66DCD3F7C9C4}.Release|x86.ActiveCfg = Release|Any CPU
		{1CB229F5-3A2A-4416-804E-66DCD3F7C9C4}.Release|x86.Build.0 = Release|Any CPU
		{5EE18F09-BCDA-4696-B3ED-41984521F495}.Debug|Any CPU.ActiveCfg = Debug|Any CPU
		{5EE18F09-BCDA-4696-B3ED-41984521F495}.Debug|Any CPU.Build.0 = Debug|Any CPU
		{5EE18F09-BCDA-4696-B3ED-41984521F495}.Debug|x64.ActiveCfg = Debug|Any CPU
		{5EE18F09-BCDA-4696-B3ED-41984521F495}.Debug|x64.Build.0 = Debug|Any CPU
		{5EE18F09-BCDA-4696-B3ED-41984521F495}.Debug|x86.ActiveCfg = Debug|Any CPU
		{5EE18F09-BCDA-4696-B3ED-41984521F495}.Debug|x86.Build.0 = Debug|Any CPU
		{5EE18F09-BCDA-4696-B3ED-41984521F495}.Release|Any CPU.ActiveCfg = Release|Any CPU
		{5EE18F09-BCDA-4696-B3ED-41984521F495}.Release|Any CPU.Build.0 = Release|Any CPU
		{5EE18F09-BCDA-4696-B3ED-41984521F495}.Release|x64.ActiveCfg = Release|Any CPU
		{5EE18F09-BCDA-4696-B3ED-41984521F495}.Release|x64.Build.0 = Release|Any CPU
		{5EE18F09-BCDA-4696-B3ED-41984521F495}.Release|x86.ActiveCfg = Release|Any CPU
		{5EE18F09-BCDA-4696-B3ED-41984521F495}.Release|x86.Build.0 = Release|Any CPU
		{0E536FCA-7685-4B6F-B82E-97538465D4C9}.Debug|Any CPU.ActiveCfg = Debug|Any CPU
		{0E536FCA-7685-4B6F-B82E-97538465D4C9}.Debug|Any CPU.Build.0 = Debug|Any CPU
		{0E536FCA-7685-4B6F-B82E-97538465D4C9}.Debug|x64.ActiveCfg = Debug|Any CPU
		{0E536FCA-7685-4B6F-B82E-97538465D4C9}.Debug|x64.Build.0 = Debug|Any CPU
		{0E536FCA-7685-4B6F-B82E-97538465D4C9}.Debug|x86.ActiveCfg = Debug|Any CPU
		{0E536FCA-7685-4B6F-B82E-97538465D4C9}.Debug|x86.Build.0 = Debug|Any CPU
		{0E536FCA-7685-4B6F-B82E-97538465D4C9}.Release|Any CPU.ActiveCfg = Release|Any CPU
		{0E536FCA-7685-4B6F-B82E-97538465D4C9}.Release|Any CPU.Build.0 = Release|Any CPU
		{0E536FCA-7685-4B6F-B82E-97538465D4C9}.Release|x64.ActiveCfg = Release|Any CPU
		{0E536FCA-7685-4B6F-B82E-97538465D4C9}.Release|x64.Build.0 = Release|Any CPU
		{0E536FCA-7685-4B6F-B82E-97538465D4C9}.Release|x86.ActiveCfg = Release|Any CPU
		{0E536FCA-7685-4B6F-B82E-97538465D4C9}.Release|x86.Build.0 = Release|Any CPU
		{9DEF114F-342D-4F63-B226-347115D33542}.Debug|Any CPU.ActiveCfg = Debug|Any CPU
		{9DEF114F-342D-4F63-B226-347115D33542}.Debug|Any CPU.Build.0 = Debug|Any CPU
		{9DEF114F-342D-4F63-B226-347115D33542}.Debug|x64.ActiveCfg = Debug|Any CPU
		{9DEF114F-342D-4F63-B226-347115D33542}.Debug|x64.Build.0 = Debug|Any CPU
		{9DEF114F-342D-4F63-B226-347115D33542}.Debug|x86.ActiveCfg = Debug|Any CPU
		{9DEF114F-342D-4F63-B226-347115D33542}.Debug|x86.Build.0 = Debug|Any CPU
		{9DEF114F-342D-4F63-B226-347115D33542}.Release|Any CPU.ActiveCfg = Release|Any CPU
		{9DEF114F-342D-4F63-B226-347115D33542}.Release|Any CPU.Build.0 = Release|Any CPU
		{9DEF114F-342D-4F63-B226-347115D33542}.Release|x64.ActiveCfg = Release|Any CPU
		{9DEF114F-342D-4F63-B226-347115D33542}.Release|x64.Build.0 = Release|Any CPU
		{9DEF114F-342D-4F63-B226-347115D33542}.Release|x86.ActiveCfg = Release|Any CPU
		{9DEF114F-342D-4F63-B226-347115D33542}.Release|x86.Build.0 = Release|Any CPU
		{A96171AE-D46F-4F9A-86C8-BD8190579968}.Debug|Any CPU.ActiveCfg = Debug|Any CPU
		{A96171AE-D46F-4F9A-86C8-BD8190579968}.Debug|Any CPU.Build.0 = Debug|Any CPU
		{A96171AE-D46F-4F9A-86C8-BD8190579968}.Debug|x64.ActiveCfg = Debug|Any CPU
		{A96171AE-D46F-4F9A-86C8-BD8190579968}.Debug|x64.Build.0 = Debug|Any CPU
		{A96171AE-D46F-4F9A-86C8-BD8190579968}.Debug|x86.ActiveCfg = Debug|Any CPU
		{A96171AE-D46F-4F9A-86C8-BD8190579968}.Debug|x86.Build.0 = Debug|Any CPU
		{A96171AE-D46F-4F9A-86C8-BD8190579968}.Release|Any CPU.ActiveCfg = Release|Any CPU
		{A96171AE-D46F-4F9A-86C8-BD8190579968}.Release|Any CPU.Build.0 = Release|Any CPU
		{A96171AE-D46F-4F9A-86C8-BD8190579968}.Release|x64.ActiveCfg = Release|Any CPU
		{A96171AE-D46F-4F9A-86C8-BD8190579968}.Release|x64.Build.0 = Release|Any CPU
		{A96171AE-D46F-4F9A-86C8-BD8190579968}.Release|x86.ActiveCfg = Release|Any CPU
		{A96171AE-D46F-4F9A-86C8-BD8190579968}.Release|x86.Build.0 = Release|Any CPU
		{FF5108AA-18F5-4E09-95B2-F057D505A3F3}.Debug|Any CPU.ActiveCfg = Debug|Any CPU
		{FF5108AA-18F5-4E09-95B2-F057D505A3F3}.Debug|Any CPU.Build.0 = Debug|Any CPU
		{FF5108AA-18F5-4E09-95B2-F057D505A3F3}.Debug|x64.ActiveCfg = Debug|Any CPU
		{FF5108AA-18F5-4E09-95B2-F057D505A3F3}.Debug|x64.Build.0 = Debug|Any CPU
		{FF5108AA-18F5-4E09-95B2-F057D505A3F3}.Debug|x86.ActiveCfg = Debug|Any CPU
		{FF5108AA-18F5-4E09-95B2-F057D505A3F3}.Debug|x86.Build.0 = Debug|Any CPU
		{FF5108AA-18F5-4E09-95B2-F057D505A3F3}.Release|Any CPU.ActiveCfg = Release|Any CPU
		{FF5108AA-18F5-4E09-95B2-F057D505A3F3}.Release|Any CPU.Build.0 = Release|Any CPU
		{FF5108AA-18F5-4E09-95B2-F057D505A3F3}.Release|x64.ActiveCfg = Release|Any CPU
		{FF5108AA-18F5-4E09-95B2-F057D505A3F3}.Release|x64.Build.0 = Release|Any CPU
		{FF5108AA-18F5-4E09-95B2-F057D505A3F3}.Release|x86.ActiveCfg = Release|Any CPU
		{FF5108AA-18F5-4E09-95B2-F057D505A3F3}.Release|x86.Build.0 = Release|Any CPU
		{0F94D0C2-8C5F-4026-B29B-A04402E5294B}.Debug|Any CPU.ActiveCfg = Debug|Any CPU
		{0F94D0C2-8C5F-4026-B29B-A04402E5294B}.Debug|Any CPU.Build.0 = Debug|Any CPU
		{0F94D0C2-8C5F-4026-B29B-A04402E5294B}.Debug|x64.ActiveCfg = Debug|Any CPU
		{0F94D0C2-8C5F-4026-B29B-A04402E5294B}.Debug|x64.Build.0 = Debug|Any CPU
		{0F94D0C2-8C5F-4026-B29B-A04402E5294B}.Debug|x86.ActiveCfg = Debug|Any CPU
		{0F94D0C2-8C5F-4026-B29B-A04402E5294B}.Debug|x86.Build.0 = Debug|Any CPU
		{0F94D0C2-8C5F-4026-B29B-A04402E5294B}.Release|Any CPU.ActiveCfg = Release|Any CPU
		{0F94D0C2-8C5F-4026-B29B-A04402E5294B}.Release|Any CPU.Build.0 = Release|Any CPU
		{0F94D0C2-8C5F-4026-B29B-A04402E5294B}.Release|x64.ActiveCfg = Release|Any CPU
		{0F94D0C2-8C5F-4026-B29B-A04402E5294B}.Release|x64.Build.0 = Release|Any CPU
		{0F94D0C2-8C5F-4026-B29B-A04402E5294B}.Release|x86.ActiveCfg = Release|Any CPU
		{0F94D0C2-8C5F-4026-B29B-A04402E5294B}.Release|x86.Build.0 = Release|Any CPU
		{AC426B92-4E1F-4D44-BB32-B57BB3A54DDD}.Debug|Any CPU.ActiveCfg = Debug|Any CPU
		{AC426B92-4E1F-4D44-BB32-B57BB3A54DDD}.Debug|Any CPU.Build.0 = Debug|Any CPU
		{AC426B92-4E1F-4D44-BB32-B57BB3A54DDD}.Debug|x64.ActiveCfg = Debug|Any CPU
		{AC426B92-4E1F-4D44-BB32-B57BB3A54DDD}.Debug|x64.Build.0 = Debug|Any CPU
		{AC426B92-4E1F-4D44-BB32-B57BB3A54DDD}.Debug|x86.ActiveCfg = Debug|Any CPU
		{AC426B92-4E1F-4D44-BB32-B57BB3A54DDD}.Debug|x86.Build.0 = Debug|Any CPU
		{AC426B92-4E1F-4D44-BB32-B57BB3A54DDD}.Release|Any CPU.ActiveCfg = Release|Any CPU
		{AC426B92-4E1F-4D44-BB32-B57BB3A54DDD}.Release|Any CPU.Build.0 = Release|Any CPU
		{AC426B92-4E1F-4D44-BB32-B57BB3A54DDD}.Release|x64.ActiveCfg = Release|Any CPU
		{AC426B92-4E1F-4D44-BB32-B57BB3A54DDD}.Release|x64.Build.0 = Release|Any CPU
		{AC426B92-4E1F-4D44-BB32-B57BB3A54DDD}.Release|x86.ActiveCfg = Release|Any CPU
		{AC426B92-4E1F-4D44-BB32-B57BB3A54DDD}.Release|x86.Build.0 = Release|Any CPU
		{FF2AF048-332E-4E26-9261-20E38105D681}.Debug|Any CPU.ActiveCfg = Debug|Any CPU
		{FF2AF048-332E-4E26-9261-20E38105D681}.Debug|Any CPU.Build.0 = Debug|Any CPU
		{FF2AF048-332E-4E26-9261-20E38105D681}.Debug|x64.ActiveCfg = Debug|Any CPU
		{FF2AF048-332E-4E26-9261-20E38105D681}.Debug|x64.Build.0 = Debug|Any CPU
		{FF2AF048-332E-4E26-9261-20E38105D681}.Debug|x86.ActiveCfg = Debug|Any CPU
		{FF2AF048-332E-4E26-9261-20E38105D681}.Debug|x86.Build.0 = Debug|Any CPU
		{FF2AF048-332E-4E26-9261-20E38105D681}.Release|Any CPU.ActiveCfg = Release|Any CPU
		{FF2AF048-332E-4E26-9261-20E38105D681}.Release|Any CPU.Build.0 = Release|Any CPU
		{FF2AF048-332E-4E26-9261-20E38105D681}.Release|x64.ActiveCfg = Release|Any CPU
		{FF2AF048-332E-4E26-9261-20E38105D681}.Release|x64.Build.0 = Release|Any CPU
		{FF2AF048-332E-4E26-9261-20E38105D681}.Release|x86.ActiveCfg = Release|Any CPU
		{FF2AF048-332E-4E26-9261-20E38105D681}.Release|x86.Build.0 = Release|Any CPU
		{6E262FA5-C746-4B20-AAFD-546354F55836}.Debug|Any CPU.ActiveCfg = Debug|Any CPU
		{6E262FA5-C746-4B20-AAFD-546354F55836}.Debug|Any CPU.Build.0 = Debug|Any CPU
		{6E262FA5-C746-4B20-AAFD-546354F55836}.Debug|x64.ActiveCfg = Debug|Any CPU
		{6E262FA5-C746-4B20-AAFD-546354F55836}.Debug|x64.Build.0 = Debug|Any CPU
		{6E262FA5-C746-4B20-AAFD-546354F55836}.Debug|x86.ActiveCfg = Debug|Any CPU
		{6E262FA5-C746-4B20-AAFD-546354F55836}.Debug|x86.Build.0 = Debug|Any CPU
		{6E262FA5-C746-4B20-AAFD-546354F55836}.Release|Any CPU.ActiveCfg = Release|Any CPU
		{6E262FA5-C746-4B20-AAFD-546354F55836}.Release|Any CPU.Build.0 = Release|Any CPU
		{6E262FA5-C746-4B20-AAFD-546354F55836}.Release|x64.ActiveCfg = Release|Any CPU
		{6E262FA5-C746-4B20-AAFD-546354F55836}.Release|x64.Build.0 = Release|Any CPU
		{6E262FA5-C746-4B20-AAFD-546354F55836}.Release|x86.ActiveCfg = Release|Any CPU
		{6E262FA5-C746-4B20-AAFD-546354F55836}.Release|x86.Build.0 = Release|Any CPU
		{031FF744-0D22-4B06-B5B5-2205BD4B462C}.Debug|Any CPU.ActiveCfg = Debug|Any CPU
		{031FF744-0D22-4B06-B5B5-2205BD4B462C}.Debug|Any CPU.Build.0 = Debug|Any CPU
		{031FF744-0D22-4B06-B5B5-2205BD4B462C}.Debug|x64.ActiveCfg = Debug|Any CPU
		{031FF744-0D22-4B06-B5B5-2205BD4B462C}.Debug|x64.Build.0 = Debug|Any CPU
		{031FF744-0D22-4B06-B5B5-2205BD4B462C}.Debug|x86.ActiveCfg = Debug|Any CPU
		{031FF744-0D22-4B06-B5B5-2205BD4B462C}.Debug|x86.Build.0 = Debug|Any CPU
		{031FF744-0D22-4B06-B5B5-2205BD4B462C}.Release|Any CPU.ActiveCfg = Release|Any CPU
		{031FF744-0D22-4B06-B5B5-2205BD4B462C}.Release|Any CPU.Build.0 = Release|Any CPU
		{031FF744-0D22-4B06-B5B5-2205BD4B462C}.Release|x64.ActiveCfg = Release|Any CPU
		{031FF744-0D22-4B06-B5B5-2205BD4B462C}.Release|x64.Build.0 = Release|Any CPU
		{031FF744-0D22-4B06-B5B5-2205BD4B462C}.Release|x86.ActiveCfg = Release|Any CPU
		{031FF744-0D22-4B06-B5B5-2205BD4B462C}.Release|x86.Build.0 = Release|Any CPU
		{C53E5253-8B7C-4EE4-9A84-3B20F5C9C10B}.Debug|Any CPU.ActiveCfg = Debug|Any CPU
		{C53E5253-8B7C-4EE4-9A84-3B20F5C9C10B}.Debug|Any CPU.Build.0 = Debug|Any CPU
		{C53E5253-8B7C-4EE4-9A84-3B20F5C9C10B}.Debug|x64.ActiveCfg = Debug|Any CPU
		{C53E5253-8B7C-4EE4-9A84-3B20F5C9C10B}.Debug|x64.Build.0 = Debug|Any CPU
		{C53E5253-8B7C-4EE4-9A84-3B20F5C9C10B}.Debug|x86.ActiveCfg = Debug|Any CPU
		{C53E5253-8B7C-4EE4-9A84-3B20F5C9C10B}.Debug|x86.Build.0 = Debug|Any CPU
		{C53E5253-8B7C-4EE4-9A84-3B20F5C9C10B}.Release|Any CPU.ActiveCfg = Release|Any CPU
		{C53E5253-8B7C-4EE4-9A84-3B20F5C9C10B}.Release|Any CPU.Build.0 = Release|Any CPU
		{C53E5253-8B7C-4EE4-9A84-3B20F5C9C10B}.Release|x64.ActiveCfg = Release|Any CPU
		{C53E5253-8B7C-4EE4-9A84-3B20F5C9C10B}.Release|x64.Build.0 = Release|Any CPU
		{C53E5253-8B7C-4EE4-9A84-3B20F5C9C10B}.Release|x86.ActiveCfg = Release|Any CPU
		{C53E5253-8B7C-4EE4-9A84-3B20F5C9C10B}.Release|x86.Build.0 = Release|Any CPU
		{4733DA46-3F5A-4468-9E2F-E1F21A18E8FB}.Debug|Any CPU.ActiveCfg = Debug|Any CPU
		{4733DA46-3F5A-4468-9E2F-E1F21A18E8FB}.Debug|Any CPU.Build.0 = Debug|Any CPU
		{4733DA46-3F5A-4468-9E2F-E1F21A18E8FB}.Debug|x64.ActiveCfg = Debug|Any CPU
		{4733DA46-3F5A-4468-9E2F-E1F21A18E8FB}.Debug|x64.Build.0 = Debug|Any CPU
		{4733DA46-3F5A-4468-9E2F-E1F21A18E8FB}.Debug|x86.ActiveCfg = Debug|Any CPU
		{4733DA46-3F5A-4468-9E2F-E1F21A18E8FB}.Debug|x86.Build.0 = Debug|Any CPU
		{4733DA46-3F5A-4468-9E2F-E1F21A18E8FB}.Release|Any CPU.ActiveCfg = Release|Any CPU
		{4733DA46-3F5A-4468-9E2F-E1F21A18E8FB}.Release|Any CPU.Build.0 = Release|Any CPU
		{4733DA46-3F5A-4468-9E2F-E1F21A18E8FB}.Release|x64.ActiveCfg = Release|Any CPU
		{4733DA46-3F5A-4468-9E2F-E1F21A18E8FB}.Release|x64.Build.0 = Release|Any CPU
		{4733DA46-3F5A-4468-9E2F-E1F21A18E8FB}.Release|x86.ActiveCfg = Release|Any CPU
		{4733DA46-3F5A-4468-9E2F-E1F21A18E8FB}.Release|x86.Build.0 = Release|Any CPU
		{14FA8D43-E333-4BF7-81E5-F725F1737A2A}.Debug|Any CPU.ActiveCfg = Debug|Any CPU
		{14FA8D43-E333-4BF7-81E5-F725F1737A2A}.Debug|Any CPU.Build.0 = Debug|Any CPU
		{14FA8D43-E333-4BF7-81E5-F725F1737A2A}.Debug|x64.ActiveCfg = Debug|Any CPU
		{14FA8D43-E333-4BF7-81E5-F725F1737A2A}.Debug|x64.Build.0 = Debug|Any CPU
		{14FA8D43-E333-4BF7-81E5-F725F1737A2A}.Debug|x86.ActiveCfg = Debug|Any CPU
		{14FA8D43-E333-4BF7-81E5-F725F1737A2A}.Debug|x86.Build.0 = Debug|Any CPU
		{14FA8D43-E333-4BF7-81E5-F725F1737A2A}.Release|Any CPU.ActiveCfg = Release|Any CPU
		{14FA8D43-E333-4BF7-81E5-F725F1737A2A}.Release|Any CPU.Build.0 = Release|Any CPU
		{14FA8D43-E333-4BF7-81E5-F725F1737A2A}.Release|x64.ActiveCfg = Release|Any CPU
		{14FA8D43-E333-4BF7-81E5-F725F1737A2A}.Release|x64.Build.0 = Release|Any CPU
		{14FA8D43-E333-4BF7-81E5-F725F1737A2A}.Release|x86.ActiveCfg = Release|Any CPU
		{14FA8D43-E333-4BF7-81E5-F725F1737A2A}.Release|x86.Build.0 = Release|Any CPU
		{4A2B1D86-B174-4590-A34B-623903381C54}.Debug|Any CPU.ActiveCfg = Debug|Any CPU
		{4A2B1D86-B174-4590-A34B-623903381C54}.Debug|Any CPU.Build.0 = Debug|Any CPU
		{4A2B1D86-B174-4590-A34B-623903381C54}.Debug|x64.ActiveCfg = Debug|Any CPU
		{4A2B1D86-B174-4590-A34B-623903381C54}.Debug|x64.Build.0 = Debug|Any CPU
		{4A2B1D86-B174-4590-A34B-623903381C54}.Debug|x86.ActiveCfg = Debug|Any CPU
		{4A2B1D86-B174-4590-A34B-623903381C54}.Debug|x86.Build.0 = Debug|Any CPU
		{4A2B1D86-B174-4590-A34B-623903381C54}.Release|Any CPU.ActiveCfg = Release|Any CPU
		{4A2B1D86-B174-4590-A34B-623903381C54}.Release|Any CPU.Build.0 = Release|Any CPU
		{4A2B1D86-B174-4590-A34B-623903381C54}.Release|x64.ActiveCfg = Release|Any CPU
		{4A2B1D86-B174-4590-A34B-623903381C54}.Release|x64.Build.0 = Release|Any CPU
		{4A2B1D86-B174-4590-A34B-623903381C54}.Release|x86.ActiveCfg = Release|Any CPU
		{4A2B1D86-B174-4590-A34B-623903381C54}.Release|x86.Build.0 = Release|Any CPU
		{89D0974F-184C-463E-AE06-6B2DBD98848E}.Debug|Any CPU.ActiveCfg = Debug|Any CPU
		{89D0974F-184C-463E-AE06-6B2DBD98848E}.Debug|Any CPU.Build.0 = Debug|Any CPU
		{89D0974F-184C-463E-AE06-6B2DBD98848E}.Debug|x64.ActiveCfg = Debug|Any CPU
		{89D0974F-184C-463E-AE06-6B2DBD98848E}.Debug|x64.Build.0 = Debug|Any CPU
		{89D0974F-184C-463E-AE06-6B2DBD98848E}.Debug|x86.ActiveCfg = Debug|Any CPU
		{89D0974F-184C-463E-AE06-6B2DBD98848E}.Debug|x86.Build.0 = Debug|Any CPU
		{89D0974F-184C-463E-AE06-6B2DBD98848E}.Release|Any CPU.ActiveCfg = Release|Any CPU
		{89D0974F-184C-463E-AE06-6B2DBD98848E}.Release|Any CPU.Build.0 = Release|Any CPU
		{89D0974F-184C-463E-AE06-6B2DBD98848E}.Release|x64.ActiveCfg = Release|Any CPU
		{89D0974F-184C-463E-AE06-6B2DBD98848E}.Release|x64.Build.0 = Release|Any CPU
		{89D0974F-184C-463E-AE06-6B2DBD98848E}.Release|x86.ActiveCfg = Release|Any CPU
		{89D0974F-184C-463E-AE06-6B2DBD98848E}.Release|x86.Build.0 = Release|Any CPU
		{33C2C149-0636-480E-85A9-419F9F73652B}.Debug|Any CPU.ActiveCfg = Debug|Any CPU
		{33C2C149-0636-480E-85A9-419F9F73652B}.Debug|Any CPU.Build.0 = Debug|Any CPU
		{33C2C149-0636-480E-85A9-419F9F73652B}.Debug|x64.ActiveCfg = Debug|Any CPU
		{33C2C149-0636-480E-85A9-419F9F73652B}.Debug|x64.Build.0 = Debug|Any CPU
		{33C2C149-0636-480E-85A9-419F9F73652B}.Debug|x86.ActiveCfg = Debug|Any CPU
		{33C2C149-0636-480E-85A9-419F9F73652B}.Debug|x86.Build.0 = Debug|Any CPU
		{33C2C149-0636-480E-85A9-419F9F73652B}.Release|Any CPU.ActiveCfg = Release|Any CPU
		{33C2C149-0636-480E-85A9-419F9F73652B}.Release|Any CPU.Build.0 = Release|Any CPU
		{33C2C149-0636-480E-85A9-419F9F73652B}.Release|x64.ActiveCfg = Release|Any CPU
		{33C2C149-0636-480E-85A9-419F9F73652B}.Release|x64.Build.0 = Release|Any CPU
		{33C2C149-0636-480E-85A9-419F9F73652B}.Release|x86.ActiveCfg = Release|Any CPU
		{33C2C149-0636-480E-85A9-419F9F73652B}.Release|x86.Build.0 = Release|Any CPU
		{8D81B74A-9E7D-42FC-9E09-19C928258905}.Debug|Any CPU.ActiveCfg = Debug|Any CPU
		{8D81B74A-9E7D-42FC-9E09-19C928258905}.Debug|Any CPU.Build.0 = Debug|Any CPU
		{8D81B74A-9E7D-42FC-9E09-19C928258905}.Debug|x64.ActiveCfg = Debug|Any CPU
		{8D81B74A-9E7D-42FC-9E09-19C928258905}.Debug|x64.Build.0 = Debug|Any CPU
		{8D81B74A-9E7D-42FC-9E09-19C928258905}.Debug|x86.ActiveCfg = Debug|Any CPU
		{8D81B74A-9E7D-42FC-9E09-19C928258905}.Debug|x86.Build.0 = Debug|Any CPU
		{8D81B74A-9E7D-42FC-9E09-19C928258905}.Release|Any CPU.ActiveCfg = Release|Any CPU
		{8D81B74A-9E7D-42FC-9E09-19C928258905}.Release|Any CPU.Build.0 = Release|Any CPU
		{8D81B74A-9E7D-42FC-9E09-19C928258905}.Release|x64.ActiveCfg = Release|Any CPU
		{8D81B74A-9E7D-42FC-9E09-19C928258905}.Release|x64.Build.0 = Release|Any CPU
		{8D81B74A-9E7D-42FC-9E09-19C928258905}.Release|x86.ActiveCfg = Release|Any CPU
		{8D81B74A-9E7D-42FC-9E09-19C928258905}.Release|x86.Build.0 = Release|Any CPU
		{6885A53B-9E49-41F3-A986-0CD3D222BB37}.Debug|Any CPU.ActiveCfg = Debug|Any CPU
		{6885A53B-9E49-41F3-A986-0CD3D222BB37}.Debug|Any CPU.Build.0 = Debug|Any CPU
		{6885A53B-9E49-41F3-A986-0CD3D222BB37}.Debug|x64.ActiveCfg = Debug|Any CPU
		{6885A53B-9E49-41F3-A986-0CD3D222BB37}.Debug|x64.Build.0 = Debug|Any CPU
		{6885A53B-9E49-41F3-A986-0CD3D222BB37}.Debug|x86.ActiveCfg = Debug|Any CPU
		{6885A53B-9E49-41F3-A986-0CD3D222BB37}.Debug|x86.Build.0 = Debug|Any CPU
		{6885A53B-9E49-41F3-A986-0CD3D222BB37}.Release|Any CPU.ActiveCfg = Release|Any CPU
		{6885A53B-9E49-41F3-A986-0CD3D222BB37}.Release|Any CPU.Build.0 = Release|Any CPU
		{6885A53B-9E49-41F3-A986-0CD3D222BB37}.Release|x64.ActiveCfg = Release|Any CPU
		{6885A53B-9E49-41F3-A986-0CD3D222BB37}.Release|x64.Build.0 = Release|Any CPU
		{6885A53B-9E49-41F3-A986-0CD3D222BB37}.Release|x86.ActiveCfg = Release|Any CPU
		{6885A53B-9E49-41F3-A986-0CD3D222BB37}.Release|x86.Build.0 = Release|Any CPU
		{63F37087-EA42-4DE8-8C3A-C6F9E1473EAE}.Debug|Any CPU.ActiveCfg = Debug|Any CPU
		{63F37087-EA42-4DE8-8C3A-C6F9E1473EAE}.Debug|Any CPU.Build.0 = Debug|Any CPU
		{63F37087-EA42-4DE8-8C3A-C6F9E1473EAE}.Debug|x64.ActiveCfg = Debug|Any CPU
		{63F37087-EA42-4DE8-8C3A-C6F9E1473EAE}.Debug|x64.Build.0 = Debug|Any CPU
		{63F37087-EA42-4DE8-8C3A-C6F9E1473EAE}.Debug|x86.ActiveCfg = Debug|Any CPU
		{63F37087-EA42-4DE8-8C3A-C6F9E1473EAE}.Debug|x86.Build.0 = Debug|Any CPU
		{63F37087-EA42-4DE8-8C3A-C6F9E1473EAE}.Release|Any CPU.ActiveCfg = Release|Any CPU
		{63F37087-EA42-4DE8-8C3A-C6F9E1473EAE}.Release|Any CPU.Build.0 = Release|Any CPU
		{63F37087-EA42-4DE8-8C3A-C6F9E1473EAE}.Release|x64.ActiveCfg = Release|Any CPU
		{63F37087-EA42-4DE8-8C3A-C6F9E1473EAE}.Release|x64.Build.0 = Release|Any CPU
		{63F37087-EA42-4DE8-8C3A-C6F9E1473EAE}.Release|x86.ActiveCfg = Release|Any CPU
		{63F37087-EA42-4DE8-8C3A-C6F9E1473EAE}.Release|x86.Build.0 = Release|Any CPU
		{281BE8D1-8B21-4C98-A51A-FA68300806CD}.Debug|Any CPU.ActiveCfg = Debug|Any CPU
		{281BE8D1-8B21-4C98-A51A-FA68300806CD}.Debug|Any CPU.Build.0 = Debug|Any CPU
		{281BE8D1-8B21-4C98-A51A-FA68300806CD}.Debug|x64.ActiveCfg = Debug|Any CPU
		{281BE8D1-8B21-4C98-A51A-FA68300806CD}.Debug|x64.Build.0 = Debug|Any CPU
		{281BE8D1-8B21-4C98-A51A-FA68300806CD}.Debug|x86.ActiveCfg = Debug|Any CPU
		{281BE8D1-8B21-4C98-A51A-FA68300806CD}.Debug|x86.Build.0 = Debug|Any CPU
		{281BE8D1-8B21-4C98-A51A-FA68300806CD}.Release|Any CPU.ActiveCfg = Release|Any CPU
		{281BE8D1-8B21-4C98-A51A-FA68300806CD}.Release|Any CPU.Build.0 = Release|Any CPU
		{281BE8D1-8B21-4C98-A51A-FA68300806CD}.Release|x64.ActiveCfg = Release|Any CPU
		{281BE8D1-8B21-4C98-A51A-FA68300806CD}.Release|x64.Build.0 = Release|Any CPU
		{281BE8D1-8B21-4C98-A51A-FA68300806CD}.Release|x86.ActiveCfg = Release|Any CPU
		{281BE8D1-8B21-4C98-A51A-FA68300806CD}.Release|x86.Build.0 = Release|Any CPU
		{72286CE9-B4F1-4F07-A2DC-2069A4ECB73D}.Debug|Any CPU.ActiveCfg = Debug|Any CPU
		{72286CE9-B4F1-4F07-A2DC-2069A4ECB73D}.Debug|Any CPU.Build.0 = Debug|Any CPU
		{72286CE9-B4F1-4F07-A2DC-2069A4ECB73D}.Debug|x64.ActiveCfg = Debug|Any CPU
		{72286CE9-B4F1-4F07-A2DC-2069A4ECB73D}.Debug|x64.Build.0 = Debug|Any CPU
		{72286CE9-B4F1-4F07-A2DC-2069A4ECB73D}.Debug|x86.ActiveCfg = Debug|Any CPU
		{72286CE9-B4F1-4F07-A2DC-2069A4ECB73D}.Debug|x86.Build.0 = Debug|Any CPU
		{72286CE9-B4F1-4F07-A2DC-2069A4ECB73D}.Release|Any CPU.ActiveCfg = Release|Any CPU
		{72286CE9-B4F1-4F07-A2DC-2069A4ECB73D}.Release|Any CPU.Build.0 = Release|Any CPU
		{72286CE9-B4F1-4F07-A2DC-2069A4ECB73D}.Release|x64.ActiveCfg = Release|Any CPU
		{72286CE9-B4F1-4F07-A2DC-2069A4ECB73D}.Release|x64.Build.0 = Release|Any CPU
		{72286CE9-B4F1-4F07-A2DC-2069A4ECB73D}.Release|x86.ActiveCfg = Release|Any CPU
		{72286CE9-B4F1-4F07-A2DC-2069A4ECB73D}.Release|x86.Build.0 = Release|Any CPU
		{11C49D1D-3244-4078-B302-3B0BC9FD1296}.Debug|Any CPU.ActiveCfg = Debug|Any CPU
		{11C49D1D-3244-4078-B302-3B0BC9FD1296}.Debug|Any CPU.Build.0 = Debug|Any CPU
		{11C49D1D-3244-4078-B302-3B0BC9FD1296}.Debug|x64.ActiveCfg = Debug|Any CPU
		{11C49D1D-3244-4078-B302-3B0BC9FD1296}.Debug|x64.Build.0 = Debug|Any CPU
		{11C49D1D-3244-4078-B302-3B0BC9FD1296}.Debug|x86.ActiveCfg = Debug|Any CPU
		{11C49D1D-3244-4078-B302-3B0BC9FD1296}.Debug|x86.Build.0 = Debug|Any CPU
		{11C49D1D-3244-4078-B302-3B0BC9FD1296}.Release|Any CPU.ActiveCfg = Release|Any CPU
		{11C49D1D-3244-4078-B302-3B0BC9FD1296}.Release|Any CPU.Build.0 = Release|Any CPU
		{11C49D1D-3244-4078-B302-3B0BC9FD1296}.Release|x64.ActiveCfg = Release|Any CPU
		{11C49D1D-3244-4078-B302-3B0BC9FD1296}.Release|x64.Build.0 = Release|Any CPU
		{11C49D1D-3244-4078-B302-3B0BC9FD1296}.Release|x86.ActiveCfg = Release|Any CPU
		{11C49D1D-3244-4078-B302-3B0BC9FD1296}.Release|x86.Build.0 = Release|Any CPU
		{026B7F99-95B7-4FD2-A7CF-317345048301}.Debug|Any CPU.ActiveCfg = Debug|Any CPU
		{026B7F99-95B7-4FD2-A7CF-317345048301}.Debug|Any CPU.Build.0 = Debug|Any CPU
		{026B7F99-95B7-4FD2-A7CF-317345048301}.Debug|x64.ActiveCfg = Debug|Any CPU
		{026B7F99-95B7-4FD2-A7CF-317345048301}.Debug|x64.Build.0 = Debug|Any CPU
		{026B7F99-95B7-4FD2-A7CF-317345048301}.Debug|x86.ActiveCfg = Debug|Any CPU
		{026B7F99-95B7-4FD2-A7CF-317345048301}.Debug|x86.Build.0 = Debug|Any CPU
		{026B7F99-95B7-4FD2-A7CF-317345048301}.Release|Any CPU.ActiveCfg = Release|Any CPU
		{026B7F99-95B7-4FD2-A7CF-317345048301}.Release|Any CPU.Build.0 = Release|Any CPU
		{026B7F99-95B7-4FD2-A7CF-317345048301}.Release|x64.ActiveCfg = Release|Any CPU
		{026B7F99-95B7-4FD2-A7CF-317345048301}.Release|x64.Build.0 = Release|Any CPU
		{026B7F99-95B7-4FD2-A7CF-317345048301}.Release|x86.ActiveCfg = Release|Any CPU
		{026B7F99-95B7-4FD2-A7CF-317345048301}.Release|x86.Build.0 = Release|Any CPU
		{44BE835F-61A2-4947-9A24-73BD14E06A58}.Debug|Any CPU.ActiveCfg = Debug|Any CPU
		{44BE835F-61A2-4947-9A24-73BD14E06A58}.Debug|Any CPU.Build.0 = Debug|Any CPU
		{44BE835F-61A2-4947-9A24-73BD14E06A58}.Debug|x64.ActiveCfg = Debug|Any CPU
		{44BE835F-61A2-4947-9A24-73BD14E06A58}.Debug|x64.Build.0 = Debug|Any CPU
		{44BE835F-61A2-4947-9A24-73BD14E06A58}.Debug|x86.ActiveCfg = Debug|Any CPU
		{44BE835F-61A2-4947-9A24-73BD14E06A58}.Debug|x86.Build.0 = Debug|Any CPU
		{44BE835F-61A2-4947-9A24-73BD14E06A58}.Release|Any CPU.ActiveCfg = Release|Any CPU
		{44BE835F-61A2-4947-9A24-73BD14E06A58}.Release|Any CPU.Build.0 = Release|Any CPU
		{44BE835F-61A2-4947-9A24-73BD14E06A58}.Release|x64.ActiveCfg = Release|Any CPU
		{44BE835F-61A2-4947-9A24-73BD14E06A58}.Release|x64.Build.0 = Release|Any CPU
		{44BE835F-61A2-4947-9A24-73BD14E06A58}.Release|x86.ActiveCfg = Release|Any CPU
		{44BE835F-61A2-4947-9A24-73BD14E06A58}.Release|x86.Build.0 = Release|Any CPU
		{A443C30E-EA9C-4D40-9F28-568E1D75185F}.Debug|Any CPU.ActiveCfg = Debug|Any CPU
		{A443C30E-EA9C-4D40-9F28-568E1D75185F}.Debug|Any CPU.Build.0 = Debug|Any CPU
		{A443C30E-EA9C-4D40-9F28-568E1D75185F}.Debug|x64.ActiveCfg = Debug|Any CPU
		{A443C30E-EA9C-4D40-9F28-568E1D75185F}.Debug|x64.Build.0 = Debug|Any CPU
		{A443C30E-EA9C-4D40-9F28-568E1D75185F}.Debug|x86.ActiveCfg = Debug|Any CPU
		{A443C30E-EA9C-4D40-9F28-568E1D75185F}.Debug|x86.Build.0 = Debug|Any CPU
		{A443C30E-EA9C-4D40-9F28-568E1D75185F}.Release|Any CPU.ActiveCfg = Release|Any CPU
		{A443C30E-EA9C-4D40-9F28-568E1D75185F}.Release|Any CPU.Build.0 = Release|Any CPU
		{A443C30E-EA9C-4D40-9F28-568E1D75185F}.Release|x64.ActiveCfg = Release|Any CPU
		{A443C30E-EA9C-4D40-9F28-568E1D75185F}.Release|x64.Build.0 = Release|Any CPU
		{A443C30E-EA9C-4D40-9F28-568E1D75185F}.Release|x86.ActiveCfg = Release|Any CPU
		{A443C30E-EA9C-4D40-9F28-568E1D75185F}.Release|x86.Build.0 = Release|Any CPU
		{85249E2F-97FA-4192-99CB-DBC43BE2F213}.Debug|Any CPU.ActiveCfg = Debug|Any CPU
		{85249E2F-97FA-4192-99CB-DBC43BE2F213}.Debug|Any CPU.Build.0 = Debug|Any CPU
		{85249E2F-97FA-4192-99CB-DBC43BE2F213}.Debug|x64.ActiveCfg = Debug|Any CPU
		{85249E2F-97FA-4192-99CB-DBC43BE2F213}.Debug|x64.Build.0 = Debug|Any CPU
		{85249E2F-97FA-4192-99CB-DBC43BE2F213}.Debug|x86.ActiveCfg = Debug|Any CPU
		{85249E2F-97FA-4192-99CB-DBC43BE2F213}.Debug|x86.Build.0 = Debug|Any CPU
		{85249E2F-97FA-4192-99CB-DBC43BE2F213}.Release|Any CPU.ActiveCfg = Release|Any CPU
		{85249E2F-97FA-4192-99CB-DBC43BE2F213}.Release|Any CPU.Build.0 = Release|Any CPU
		{85249E2F-97FA-4192-99CB-DBC43BE2F213}.Release|x64.ActiveCfg = Release|Any CPU
		{85249E2F-97FA-4192-99CB-DBC43BE2F213}.Release|x64.Build.0 = Release|Any CPU
		{85249E2F-97FA-4192-99CB-DBC43BE2F213}.Release|x86.ActiveCfg = Release|Any CPU
		{85249E2F-97FA-4192-99CB-DBC43BE2F213}.Release|x86.Build.0 = Release|Any CPU
		{37AB0BD2-EC52-43C8-A74B-7868C2405D7D}.Debug|Any CPU.ActiveCfg = Debug|Any CPU
		{37AB0BD2-EC52-43C8-A74B-7868C2405D7D}.Debug|Any CPU.Build.0 = Debug|Any CPU
		{37AB0BD2-EC52-43C8-A74B-7868C2405D7D}.Debug|x64.ActiveCfg = Debug|Any CPU
		{37AB0BD2-EC52-43C8-A74B-7868C2405D7D}.Debug|x64.Build.0 = Debug|Any CPU
		{37AB0BD2-EC52-43C8-A74B-7868C2405D7D}.Debug|x86.ActiveCfg = Debug|Any CPU
		{37AB0BD2-EC52-43C8-A74B-7868C2405D7D}.Debug|x86.Build.0 = Debug|Any CPU
		{37AB0BD2-EC52-43C8-A74B-7868C2405D7D}.Release|Any CPU.ActiveCfg = Release|Any CPU
		{37AB0BD2-EC52-43C8-A74B-7868C2405D7D}.Release|Any CPU.Build.0 = Release|Any CPU
		{37AB0BD2-EC52-43C8-A74B-7868C2405D7D}.Release|x64.ActiveCfg = Release|Any CPU
		{37AB0BD2-EC52-43C8-A74B-7868C2405D7D}.Release|x64.Build.0 = Release|Any CPU
		{37AB0BD2-EC52-43C8-A74B-7868C2405D7D}.Release|x86.ActiveCfg = Release|Any CPU
		{37AB0BD2-EC52-43C8-A74B-7868C2405D7D}.Release|x86.Build.0 = Release|Any CPU
		{F875F881-0C00-4348-BB20-69421EAF5F40}.Debug|Any CPU.ActiveCfg = Debug|Any CPU
		{F875F881-0C00-4348-BB20-69421EAF5F40}.Debug|Any CPU.Build.0 = Debug|Any CPU
		{F875F881-0C00-4348-BB20-69421EAF5F40}.Debug|x64.ActiveCfg = Debug|Any CPU
		{F875F881-0C00-4348-BB20-69421EAF5F40}.Debug|x64.Build.0 = Debug|Any CPU
		{F875F881-0C00-4348-BB20-69421EAF5F40}.Debug|x86.ActiveCfg = Debug|Any CPU
		{F875F881-0C00-4348-BB20-69421EAF5F40}.Debug|x86.Build.0 = Debug|Any CPU
		{F875F881-0C00-4348-BB20-69421EAF5F40}.Release|Any CPU.ActiveCfg = Release|Any CPU
		{F875F881-0C00-4348-BB20-69421EAF5F40}.Release|Any CPU.Build.0 = Release|Any CPU
		{F875F881-0C00-4348-BB20-69421EAF5F40}.Release|x64.ActiveCfg = Release|Any CPU
		{F875F881-0C00-4348-BB20-69421EAF5F40}.Release|x64.Build.0 = Release|Any CPU
		{F875F881-0C00-4348-BB20-69421EAF5F40}.Release|x86.ActiveCfg = Release|Any CPU
		{F875F881-0C00-4348-BB20-69421EAF5F40}.Release|x86.Build.0 = Release|Any CPU
		{32026D77-206C-42F0-B033-57A1A23CB462}.Debug|Any CPU.ActiveCfg = Debug|Any CPU
		{32026D77-206C-42F0-B033-57A1A23CB462}.Debug|Any CPU.Build.0 = Debug|Any CPU
		{32026D77-206C-42F0-B033-57A1A23CB462}.Debug|x64.ActiveCfg = Debug|Any CPU
		{32026D77-206C-42F0-B033-57A1A23CB462}.Debug|x64.Build.0 = Debug|Any CPU
		{32026D77-206C-42F0-B033-57A1A23CB462}.Debug|x86.ActiveCfg = Debug|Any CPU
		{32026D77-206C-42F0-B033-57A1A23CB462}.Debug|x86.Build.0 = Debug|Any CPU
		{32026D77-206C-42F0-B033-57A1A23CB462}.Release|Any CPU.ActiveCfg = Release|Any CPU
		{32026D77-206C-42F0-B033-57A1A23CB462}.Release|Any CPU.Build.0 = Release|Any CPU
		{32026D77-206C-42F0-B033-57A1A23CB462}.Release|x64.ActiveCfg = Release|Any CPU
		{32026D77-206C-42F0-B033-57A1A23CB462}.Release|x64.Build.0 = Release|Any CPU
		{32026D77-206C-42F0-B033-57A1A23CB462}.Release|x86.ActiveCfg = Release|Any CPU
		{32026D77-206C-42F0-B033-57A1A23CB462}.Release|x86.Build.0 = Release|Any CPU
		{697659B9-9A96-4A7E-A57C-C53862364D7F}.Debug|Any CPU.ActiveCfg = Debug|Any CPU
		{697659B9-9A96-4A7E-A57C-C53862364D7F}.Debug|Any CPU.Build.0 = Debug|Any CPU
		{697659B9-9A96-4A7E-A57C-C53862364D7F}.Debug|x64.ActiveCfg = Debug|Any CPU
		{697659B9-9A96-4A7E-A57C-C53862364D7F}.Debug|x64.Build.0 = Debug|Any CPU
		{697659B9-9A96-4A7E-A57C-C53862364D7F}.Debug|x86.ActiveCfg = Debug|Any CPU
		{697659B9-9A96-4A7E-A57C-C53862364D7F}.Debug|x86.Build.0 = Debug|Any CPU
		{697659B9-9A96-4A7E-A57C-C53862364D7F}.Release|Any CPU.ActiveCfg = Release|Any CPU
		{697659B9-9A96-4A7E-A57C-C53862364D7F}.Release|Any CPU.Build.0 = Release|Any CPU
		{697659B9-9A96-4A7E-A57C-C53862364D7F}.Release|x64.ActiveCfg = Release|Any CPU
		{697659B9-9A96-4A7E-A57C-C53862364D7F}.Release|x64.Build.0 = Release|Any CPU
		{697659B9-9A96-4A7E-A57C-C53862364D7F}.Release|x86.ActiveCfg = Release|Any CPU
		{697659B9-9A96-4A7E-A57C-C53862364D7F}.Release|x86.Build.0 = Release|Any CPU
		{003EEA57-F46D-4B59-815E-3908009C8A06}.Debug|Any CPU.ActiveCfg = Debug|Any CPU
		{003EEA57-F46D-4B59-815E-3908009C8A06}.Debug|Any CPU.Build.0 = Debug|Any CPU
		{003EEA57-F46D-4B59-815E-3908009C8A06}.Debug|x64.ActiveCfg = Debug|Any CPU
		{003EEA57-F46D-4B59-815E-3908009C8A06}.Debug|x64.Build.0 = Debug|Any CPU
		{003EEA57-F46D-4B59-815E-3908009C8A06}.Debug|x86.ActiveCfg = Debug|Any CPU
		{003EEA57-F46D-4B59-815E-3908009C8A06}.Debug|x86.Build.0 = Debug|Any CPU
		{003EEA57-F46D-4B59-815E-3908009C8A06}.Release|Any CPU.ActiveCfg = Release|Any CPU
		{003EEA57-F46D-4B59-815E-3908009C8A06}.Release|Any CPU.Build.0 = Release|Any CPU
		{003EEA57-F46D-4B59-815E-3908009C8A06}.Release|x64.ActiveCfg = Release|Any CPU
		{003EEA57-F46D-4B59-815E-3908009C8A06}.Release|x64.Build.0 = Release|Any CPU
		{003EEA57-F46D-4B59-815E-3908009C8A06}.Release|x86.ActiveCfg = Release|Any CPU
		{003EEA57-F46D-4B59-815E-3908009C8A06}.Release|x86.Build.0 = Release|Any CPU
		{07B2B19B-0F39-40FD-83FC-3E7070717B6D}.Debug|Any CPU.ActiveCfg = Debug|Any CPU
		{07B2B19B-0F39-40FD-83FC-3E7070717B6D}.Debug|Any CPU.Build.0 = Debug|Any CPU
		{07B2B19B-0F39-40FD-83FC-3E7070717B6D}.Debug|x64.ActiveCfg = Debug|Any CPU
		{07B2B19B-0F39-40FD-83FC-3E7070717B6D}.Debug|x64.Build.0 = Debug|Any CPU
		{07B2B19B-0F39-40FD-83FC-3E7070717B6D}.Debug|x86.ActiveCfg = Debug|Any CPU
		{07B2B19B-0F39-40FD-83FC-3E7070717B6D}.Debug|x86.Build.0 = Debug|Any CPU
		{07B2B19B-0F39-40FD-83FC-3E7070717B6D}.Release|Any CPU.ActiveCfg = Release|Any CPU
		{07B2B19B-0F39-40FD-83FC-3E7070717B6D}.Release|Any CPU.Build.0 = Release|Any CPU
		{07B2B19B-0F39-40FD-83FC-3E7070717B6D}.Release|x64.ActiveCfg = Release|Any CPU
		{07B2B19B-0F39-40FD-83FC-3E7070717B6D}.Release|x64.Build.0 = Release|Any CPU
		{07B2B19B-0F39-40FD-83FC-3E7070717B6D}.Release|x86.ActiveCfg = Release|Any CPU
		{07B2B19B-0F39-40FD-83FC-3E7070717B6D}.Release|x86.Build.0 = Release|Any CPU
		{48645B00-37A3-45C7-91D5-C4A281B1703C}.Debug|Any CPU.ActiveCfg = Debug|Any CPU
		{48645B00-37A3-45C7-91D5-C4A281B1703C}.Debug|Any CPU.Build.0 = Debug|Any CPU
		{48645B00-37A3-45C7-91D5-C4A281B1703C}.Debug|x64.ActiveCfg = Debug|Any CPU
		{48645B00-37A3-45C7-91D5-C4A281B1703C}.Debug|x64.Build.0 = Debug|Any CPU
		{48645B00-37A3-45C7-91D5-C4A281B1703C}.Debug|x86.ActiveCfg = Debug|Any CPU
		{48645B00-37A3-45C7-91D5-C4A281B1703C}.Debug|x86.Build.0 = Debug|Any CPU
		{48645B00-37A3-45C7-91D5-C4A281B1703C}.Release|Any CPU.ActiveCfg = Release|Any CPU
		{48645B00-37A3-45C7-91D5-C4A281B1703C}.Release|Any CPU.Build.0 = Release|Any CPU
		{48645B00-37A3-45C7-91D5-C4A281B1703C}.Release|x64.ActiveCfg = Release|Any CPU
		{48645B00-37A3-45C7-91D5-C4A281B1703C}.Release|x64.Build.0 = Release|Any CPU
		{48645B00-37A3-45C7-91D5-C4A281B1703C}.Release|x86.ActiveCfg = Release|Any CPU
		{48645B00-37A3-45C7-91D5-C4A281B1703C}.Release|x86.Build.0 = Release|Any CPU
		{89B99E1F-D8BD-4C92-AB33-86742A4C53AD}.Debug|Any CPU.ActiveCfg = Debug|Any CPU
		{89B99E1F-D8BD-4C92-AB33-86742A4C53AD}.Debug|Any CPU.Build.0 = Debug|Any CPU
		{89B99E1F-D8BD-4C92-AB33-86742A4C53AD}.Debug|x64.ActiveCfg = Debug|Any CPU
		{89B99E1F-D8BD-4C92-AB33-86742A4C53AD}.Debug|x64.Build.0 = Debug|Any CPU
		{89B99E1F-D8BD-4C92-AB33-86742A4C53AD}.Debug|x86.ActiveCfg = Debug|Any CPU
		{89B99E1F-D8BD-4C92-AB33-86742A4C53AD}.Debug|x86.Build.0 = Debug|Any CPU
		{89B99E1F-D8BD-4C92-AB33-86742A4C53AD}.Release|Any CPU.ActiveCfg = Release|Any CPU
		{89B99E1F-D8BD-4C92-AB33-86742A4C53AD}.Release|Any CPU.Build.0 = Release|Any CPU
		{89B99E1F-D8BD-4C92-AB33-86742A4C53AD}.Release|x64.ActiveCfg = Release|Any CPU
		{89B99E1F-D8BD-4C92-AB33-86742A4C53AD}.Release|x64.Build.0 = Release|Any CPU
		{89B99E1F-D8BD-4C92-AB33-86742A4C53AD}.Release|x86.ActiveCfg = Release|Any CPU
		{89B99E1F-D8BD-4C92-AB33-86742A4C53AD}.Release|x86.Build.0 = Release|Any CPU
		{FFB1D318-FE92-45A2-83A5-80072E00F9D5}.Debug|Any CPU.ActiveCfg = Debug|Any CPU
		{FFB1D318-FE92-45A2-83A5-80072E00F9D5}.Debug|Any CPU.Build.0 = Debug|Any CPU
		{FFB1D318-FE92-45A2-83A5-80072E00F9D5}.Debug|x64.ActiveCfg = Debug|Any CPU
		{FFB1D318-FE92-45A2-83A5-80072E00F9D5}.Debug|x64.Build.0 = Debug|Any CPU
		{FFB1D318-FE92-45A2-83A5-80072E00F9D5}.Debug|x86.ActiveCfg = Debug|Any CPU
		{FFB1D318-FE92-45A2-83A5-80072E00F9D5}.Debug|x86.Build.0 = Debug|Any CPU
		{FFB1D318-FE92-45A2-83A5-80072E00F9D5}.Release|Any CPU.ActiveCfg = Release|Any CPU
		{FFB1D318-FE92-45A2-83A5-80072E00F9D5}.Release|Any CPU.Build.0 = Release|Any CPU
		{FFB1D318-FE92-45A2-83A5-80072E00F9D5}.Release|x64.ActiveCfg = Release|Any CPU
		{FFB1D318-FE92-45A2-83A5-80072E00F9D5}.Release|x64.Build.0 = Release|Any CPU
		{FFB1D318-FE92-45A2-83A5-80072E00F9D5}.Release|x86.ActiveCfg = Release|Any CPU
		{FFB1D318-FE92-45A2-83A5-80072E00F9D5}.Release|x86.Build.0 = Release|Any CPU
		{087046C9-74A3-4560-9EB7-16D3BD8C5B64}.Debug|Any CPU.ActiveCfg = Debug|Any CPU
		{087046C9-74A3-4560-9EB7-16D3BD8C5B64}.Debug|Any CPU.Build.0 = Debug|Any CPU
		{087046C9-74A3-4560-9EB7-16D3BD8C5B64}.Debug|x64.ActiveCfg = Debug|Any CPU
		{087046C9-74A3-4560-9EB7-16D3BD8C5B64}.Debug|x64.Build.0 = Debug|Any CPU
		{087046C9-74A3-4560-9EB7-16D3BD8C5B64}.Debug|x86.ActiveCfg = Debug|Any CPU
		{087046C9-74A3-4560-9EB7-16D3BD8C5B64}.Debug|x86.Build.0 = Debug|Any CPU
		{087046C9-74A3-4560-9EB7-16D3BD8C5B64}.Release|Any CPU.ActiveCfg = Release|Any CPU
		{087046C9-74A3-4560-9EB7-16D3BD8C5B64}.Release|Any CPU.Build.0 = Release|Any CPU
		{087046C9-74A3-4560-9EB7-16D3BD8C5B64}.Release|x64.ActiveCfg = Release|Any CPU
		{087046C9-74A3-4560-9EB7-16D3BD8C5B64}.Release|x64.Build.0 = Release|Any CPU
		{087046C9-74A3-4560-9EB7-16D3BD8C5B64}.Release|x86.ActiveCfg = Release|Any CPU
		{087046C9-74A3-4560-9EB7-16D3BD8C5B64}.Release|x86.Build.0 = Release|Any CPU
		{FDE88C52-9744-43B3-B5FE-81892E834E7E}.Debug|Any CPU.ActiveCfg = Debug|Any CPU
		{FDE88C52-9744-43B3-B5FE-81892E834E7E}.Debug|Any CPU.Build.0 = Debug|Any CPU
		{FDE88C52-9744-43B3-B5FE-81892E834E7E}.Debug|x64.ActiveCfg = Debug|Any CPU
		{FDE88C52-9744-43B3-B5FE-81892E834E7E}.Debug|x64.Build.0 = Debug|Any CPU
		{FDE88C52-9744-43B3-B5FE-81892E834E7E}.Debug|x86.ActiveCfg = Debug|Any CPU
		{FDE88C52-9744-43B3-B5FE-81892E834E7E}.Debug|x86.Build.0 = Debug|Any CPU
		{FDE88C52-9744-43B3-B5FE-81892E834E7E}.Release|Any CPU.ActiveCfg = Release|Any CPU
		{FDE88C52-9744-43B3-B5FE-81892E834E7E}.Release|Any CPU.Build.0 = Release|Any CPU
		{FDE88C52-9744-43B3-B5FE-81892E834E7E}.Release|x64.ActiveCfg = Release|Any CPU
		{FDE88C52-9744-43B3-B5FE-81892E834E7E}.Release|x64.Build.0 = Release|Any CPU
		{FDE88C52-9744-43B3-B5FE-81892E834E7E}.Release|x86.ActiveCfg = Release|Any CPU
		{FDE88C52-9744-43B3-B5FE-81892E834E7E}.Release|x86.Build.0 = Release|Any CPU
		{F912FD78-4322-4958-9497-4DCEC41E0A7D}.Debug|Any CPU.ActiveCfg = Debug|Any CPU
		{F912FD78-4322-4958-9497-4DCEC41E0A7D}.Debug|Any CPU.Build.0 = Debug|Any CPU
		{F912FD78-4322-4958-9497-4DCEC41E0A7D}.Debug|x64.ActiveCfg = Debug|Any CPU
		{F912FD78-4322-4958-9497-4DCEC41E0A7D}.Debug|x64.Build.0 = Debug|Any CPU
		{F912FD78-4322-4958-9497-4DCEC41E0A7D}.Debug|x86.ActiveCfg = Debug|Any CPU
		{F912FD78-4322-4958-9497-4DCEC41E0A7D}.Debug|x86.Build.0 = Debug|Any CPU
		{F912FD78-4322-4958-9497-4DCEC41E0A7D}.Release|Any CPU.ActiveCfg = Release|Any CPU
		{F912FD78-4322-4958-9497-4DCEC41E0A7D}.Release|Any CPU.Build.0 = Release|Any CPU
		{F912FD78-4322-4958-9497-4DCEC41E0A7D}.Release|x64.ActiveCfg = Release|Any CPU
		{F912FD78-4322-4958-9497-4DCEC41E0A7D}.Release|x64.Build.0 = Release|Any CPU
		{F912FD78-4322-4958-9497-4DCEC41E0A7D}.Release|x86.ActiveCfg = Release|Any CPU
		{F912FD78-4322-4958-9497-4DCEC41E0A7D}.Release|x86.Build.0 = Release|Any CPU
		{52279BC4-F6DD-4156-AA03-4F1DBC4B98C5}.Debug|Any CPU.ActiveCfg = Debug|Any CPU
		{52279BC4-F6DD-4156-AA03-4F1DBC4B98C5}.Debug|Any CPU.Build.0 = Debug|Any CPU
		{52279BC4-F6DD-4156-AA03-4F1DBC4B98C5}.Debug|x64.ActiveCfg = Debug|Any CPU
		{52279BC4-F6DD-4156-AA03-4F1DBC4B98C5}.Debug|x64.Build.0 = Debug|Any CPU
		{52279BC4-F6DD-4156-AA03-4F1DBC4B98C5}.Debug|x86.ActiveCfg = Debug|Any CPU
		{52279BC4-F6DD-4156-AA03-4F1DBC4B98C5}.Debug|x86.Build.0 = Debug|Any CPU
		{52279BC4-F6DD-4156-AA03-4F1DBC4B98C5}.Release|Any CPU.ActiveCfg = Release|Any CPU
		{52279BC4-F6DD-4156-AA03-4F1DBC4B98C5}.Release|Any CPU.Build.0 = Release|Any CPU
		{52279BC4-F6DD-4156-AA03-4F1DBC4B98C5}.Release|x64.ActiveCfg = Release|Any CPU
		{52279BC4-F6DD-4156-AA03-4F1DBC4B98C5}.Release|x64.Build.0 = Release|Any CPU
		{52279BC4-F6DD-4156-AA03-4F1DBC4B98C5}.Release|x86.ActiveCfg = Release|Any CPU
		{52279BC4-F6DD-4156-AA03-4F1DBC4B98C5}.Release|x86.Build.0 = Release|Any CPU
		{1A5EBD08-1CDE-496C-A176-D722736690BE}.Debug|Any CPU.ActiveCfg = Debug|Any CPU
		{1A5EBD08-1CDE-496C-A176-D722736690BE}.Debug|Any CPU.Build.0 = Debug|Any CPU
		{1A5EBD08-1CDE-496C-A176-D722736690BE}.Debug|x64.ActiveCfg = Debug|Any CPU
		{1A5EBD08-1CDE-496C-A176-D722736690BE}.Debug|x64.Build.0 = Debug|Any CPU
		{1A5EBD08-1CDE-496C-A176-D722736690BE}.Debug|x86.ActiveCfg = Debug|Any CPU
		{1A5EBD08-1CDE-496C-A176-D722736690BE}.Debug|x86.Build.0 = Debug|Any CPU
		{1A5EBD08-1CDE-496C-A176-D722736690BE}.Release|Any CPU.ActiveCfg = Release|Any CPU
		{1A5EBD08-1CDE-496C-A176-D722736690BE}.Release|Any CPU.Build.0 = Release|Any CPU
		{1A5EBD08-1CDE-496C-A176-D722736690BE}.Release|x64.ActiveCfg = Release|Any CPU
		{1A5EBD08-1CDE-496C-A176-D722736690BE}.Release|x64.Build.0 = Release|Any CPU
		{1A5EBD08-1CDE-496C-A176-D722736690BE}.Release|x86.ActiveCfg = Release|Any CPU
		{1A5EBD08-1CDE-496C-A176-D722736690BE}.Release|x86.Build.0 = Release|Any CPU
		{45480DA3-61EE-49D0-8259-C3BDFA457FCF}.Debug|Any CPU.ActiveCfg = Debug|Any CPU
		{45480DA3-61EE-49D0-8259-C3BDFA457FCF}.Debug|Any CPU.Build.0 = Debug|Any CPU
		{45480DA3-61EE-49D0-8259-C3BDFA457FCF}.Debug|x64.ActiveCfg = Debug|Any CPU
		{45480DA3-61EE-49D0-8259-C3BDFA457FCF}.Debug|x64.Build.0 = Debug|Any CPU
		{45480DA3-61EE-49D0-8259-C3BDFA457FCF}.Debug|x86.ActiveCfg = Debug|Any CPU
		{45480DA3-61EE-49D0-8259-C3BDFA457FCF}.Debug|x86.Build.0 = Debug|Any CPU
		{45480DA3-61EE-49D0-8259-C3BDFA457FCF}.Release|Any CPU.ActiveCfg = Release|Any CPU
		{45480DA3-61EE-49D0-8259-C3BDFA457FCF}.Release|Any CPU.Build.0 = Release|Any CPU
		{45480DA3-61EE-49D0-8259-C3BDFA457FCF}.Release|x64.ActiveCfg = Release|Any CPU
		{45480DA3-61EE-49D0-8259-C3BDFA457FCF}.Release|x64.Build.0 = Release|Any CPU
		{45480DA3-61EE-49D0-8259-C3BDFA457FCF}.Release|x86.ActiveCfg = Release|Any CPU
		{45480DA3-61EE-49D0-8259-C3BDFA457FCF}.Release|x86.Build.0 = Release|Any CPU
		{0798BF7C-2DBE-465A-B433-67E425278D2C}.Debug|Any CPU.ActiveCfg = Debug|Any CPU
		{0798BF7C-2DBE-465A-B433-67E425278D2C}.Debug|Any CPU.Build.0 = Debug|Any CPU
		{0798BF7C-2DBE-465A-B433-67E425278D2C}.Debug|x64.ActiveCfg = Debug|Any CPU
		{0798BF7C-2DBE-465A-B433-67E425278D2C}.Debug|x64.Build.0 = Debug|Any CPU
		{0798BF7C-2DBE-465A-B433-67E425278D2C}.Debug|x86.ActiveCfg = Debug|Any CPU
		{0798BF7C-2DBE-465A-B433-67E425278D2C}.Debug|x86.Build.0 = Debug|Any CPU
		{0798BF7C-2DBE-465A-B433-67E425278D2C}.Release|Any CPU.ActiveCfg = Release|Any CPU
		{0798BF7C-2DBE-465A-B433-67E425278D2C}.Release|Any CPU.Build.0 = Release|Any CPU
		{0798BF7C-2DBE-465A-B433-67E425278D2C}.Release|x64.ActiveCfg = Release|Any CPU
		{0798BF7C-2DBE-465A-B433-67E425278D2C}.Release|x64.Build.0 = Release|Any CPU
		{0798BF7C-2DBE-465A-B433-67E425278D2C}.Release|x86.ActiveCfg = Release|Any CPU
		{0798BF7C-2DBE-465A-B433-67E425278D2C}.Release|x86.Build.0 = Release|Any CPU
		{CA8F43C5-101A-4D33-935C-819748A40E11}.Debug|Any CPU.ActiveCfg = Debug|Any CPU
		{CA8F43C5-101A-4D33-935C-819748A40E11}.Debug|Any CPU.Build.0 = Debug|Any CPU
		{CA8F43C5-101A-4D33-935C-819748A40E11}.Debug|x64.ActiveCfg = Debug|Any CPU
		{CA8F43C5-101A-4D33-935C-819748A40E11}.Debug|x64.Build.0 = Debug|Any CPU
		{CA8F43C5-101A-4D33-935C-819748A40E11}.Debug|x86.ActiveCfg = Debug|Any CPU
		{CA8F43C5-101A-4D33-935C-819748A40E11}.Debug|x86.Build.0 = Debug|Any CPU
		{CA8F43C5-101A-4D33-935C-819748A40E11}.Release|Any CPU.ActiveCfg = Release|Any CPU
		{CA8F43C5-101A-4D33-935C-819748A40E11}.Release|Any CPU.Build.0 = Release|Any CPU
		{CA8F43C5-101A-4D33-935C-819748A40E11}.Release|x64.ActiveCfg = Release|Any CPU
		{CA8F43C5-101A-4D33-935C-819748A40E11}.Release|x64.Build.0 = Release|Any CPU
		{CA8F43C5-101A-4D33-935C-819748A40E11}.Release|x86.ActiveCfg = Release|Any CPU
		{CA8F43C5-101A-4D33-935C-819748A40E11}.Release|x86.Build.0 = Release|Any CPU
	EndGlobalSection
	GlobalSection(SolutionProperties) = preSolution
		HideSolutionNode = FALSE
	EndGlobalSection
	GlobalSection(NestedProjects) = preSolution
		{6E8634D9-E12C-65E0-A412-2C155D53B549} = {7A4C1A83-615B-DD71-3D5A-8B573DEDCD5A}
		{293DBDEE-C5E9-4F21-BE5E-42CB513FD114} = {6E8634D9-E12C-65E0-A412-2C155D53B549}
		{2638926A-2110-4528-93F8-EBC96C9A18B4} = {6E8634D9-E12C-65E0-A412-2C155D53B549}
		{B27AD4DD-1028-C342-8E84-351A5589D726} = {DE41EEFF-A2EB-AD40-AECF-FE8B023A6E60}
		{6E262FA5-C746-4B20-AAFD-546354F55836} = {B27AD4DD-1028-C342-8E84-351A5589D726}
		{031FF744-0D22-4B06-B5B5-2205BD4B462C} = {B27AD4DD-1028-C342-8E84-351A5589D726}
	EndGlobalSection
	GlobalSection(ExtensibilityGlobals) = postSolution
		SolutionGuid = {E35A7017-3722-44C6-9CB5-9E78948ECEC4}
	EndGlobalSection
EndGlobal
